// !$*UTF8*$!
{
	archiveVersion = 1;
	classes = {
	};
	objectVersion = 46;
	objects = {

/* Begin PBXBuildFile section */
		525A5F5D1CF477A200AC2137 /* main.m in Sources */ = {isa = PBXBuildFile; fileRef = 525A5F5C1CF477A200AC2137 /* main.m */; };
		525A5F601CF477A200AC2137 /* AppDelegate.m in Sources */ = {isa = PBXBuildFile; fileRef = 525A5F5F1CF477A200AC2137 /* AppDelegate.m */; };
		525A5F631CF477A200AC2137 /* ViewController.m in Sources */ = {isa = PBXBuildFile; fileRef = 525A5F621CF477A200AC2137 /* ViewController.m */; };
		525A5F661CF477A200AC2137 /* Main.storyboard in Resources */ = {isa = PBXBuildFile; fileRef = 525A5F641CF477A200AC2137 /* Main.storyboard */; };
		525A5F681CF477A200AC2137 /* Assets.xcassets in Resources */ = {isa = PBXBuildFile; fileRef = 525A5F671CF477A200AC2137 /* Assets.xcassets */; };
		525A5F6B1CF477A200AC2137 /* LaunchScreen.storyboard in Resources */ = {isa = PBXBuildFile; fileRef = 525A5F691CF477A200AC2137 /* LaunchScreen.storyboard */; };
		525A5F761CF477A200AC2137 /* CalculatingAgeForParticularDob_FromDataPickerTests.m in Sources */ = {isa = PBXBuildFile; fileRef = 525A5F751CF477A200AC2137 /* CalculatingAgeForParticularDob_FromDataPickerTests.m */; };
		525A5F811CF477A200AC2137 /* CalculatingAgeForParticularDob_FromDataPickerUITests.m in Sources */ = {isa = PBXBuildFile; fileRef = 525A5F801CF477A200AC2137 /* CalculatingAgeForParticularDob_FromDataPickerUITests.m */; };
/* End PBXBuildFile section */

/* Begin PBXContainerItemProxy section */
		525A5F721CF477A200AC2137 /* PBXContainerItemProxy */ = {
			isa = PBXContainerItemProxy;
			containerPortal = 525A5F501CF477A200AC2137 /* Project object */;
			proxyType = 1;
			remoteGlobalIDString = 525A5F571CF477A200AC2137;
			remoteInfo = "CalculatingAgeForParticularDob FromDataPicker";
		};
		525A5F7D1CF477A200AC2137 /* PBXContainerItemProxy */ = {
			isa = PBXContainerItemProxy;
			containerPortal = 525A5F501CF477A200AC2137 /* Project object */;
			proxyType = 1;
			remoteGlobalIDString = 525A5F571CF477A200AC2137;
			remoteInfo = "CalculatingAgeForParticularDob FromDataPicker";
		};
/* End PBXContainerItemProxy section */

/* Begin PBXFileReference section */
		525A5F581CF477A200AC2137 /* CalculatingAgeForParticularDob FromDataPicker.app */ = {isa = PBXFileReference; explicitFileType = wrapper.application; includeInIndex = 0; path = "CalculatingAgeForParticularDob FromDataPicker.app"; sourceTree = BUILT_PRODUCTS_DIR; };
		525A5F5C1CF477A200AC2137 /* main.m */ = {isa = PBXFileReference; lastKnownFileType = sourcecode.c.objc; path = main.m; sourceTree = "<group>"; };
		525A5F5E1CF477A200AC2137 /* AppDelegate.h */ = {isa = PBXFileReference; lastKnownFileType = sourcecode.c.h; path = AppDelegate.h; sourceTree = "<group>"; };
		525A5F5F1CF477A200AC2137 /* AppDelegate.m */ = {isa = PBXFileReference; lastKnownFileType = sourcecode.c.objc; path = AppDelegate.m; sourceTree = "<group>"; };
		525A5F611CF477A200AC2137 /* ViewController.h */ = {isa = PBXFileReference; lastKnownFileType = sourcecode.c.h; path = ViewController.h; sourceTree = "<group>"; };
		525A5F621CF477A200AC2137 /* ViewController.m */ = {isa = PBXFileReference; lastKnownFileType = sourcecode.c.objc; path = ViewController.m; sourceTree = "<group>"; };
		525A5F651CF477A200AC2137 /* Base */ = {isa = PBXFileReference; lastKnownFileType = file.storyboard; name = Base; path = Base.lproj/Main.storyboard; sourceTree = "<group>"; };
		525A5F671CF477A200AC2137 /* Assets.xcassets */ = {isa = PBXFileReference; lastKnownFileType = folder.assetcatalog; path = Assets.xcassets; sourceTree = "<group>"; };
		525A5F6A1CF477A200AC2137 /* Base */ = {isa = PBXFileReference; lastKnownFileType = file.storyboard; name = Base; path = Base.lproj/LaunchScreen.storyboard; sourceTree = "<group>"; };
		525A5F6C1CF477A200AC2137 /* Info.plist */ = {isa = PBXFileReference; lastKnownFileType = text.plist.xml; path = Info.plist; sourceTree = "<group>"; };
		525A5F711CF477A200AC2137 /* CalculatingAgeForParticularDob FromDataPickerTests.xctest */ = {isa = PBXFileReference; explicitFileType = wrapper.cfbundle; includeInIndex = 0; path = "CalculatingAgeForParticularDob FromDataPickerTests.xctest"; sourceTree = BUILT_PRODUCTS_DIR; };
		525A5F751CF477A200AC2137 /* CalculatingAgeForParticularDob_FromDataPickerTests.m */ = {isa = PBXFileReference; lastKnownFileType = sourcecode.c.objc; path = CalculatingAgeForParticularDob_FromDataPickerTests.m; sourceTree = "<group>"; };
		525A5F771CF477A200AC2137 /* Info.plist */ = {isa = PBXFileReference; lastKnownFileType = text.plist.xml; path = Info.plist; sourceTree = "<group>"; };
		525A5F7C1CF477A200AC2137 /* CalculatingAgeForParticularDob FromDataPickerUITests.xctest */ = {isa = PBXFileReference; explicitFileType = wrapper.cfbundle; includeInIndex = 0; path = "CalculatingAgeForParticularDob FromDataPickerUITests.xctest"; sourceTree = BUILT_PRODUCTS_DIR; };
		525A5F801CF477A200AC2137 /* CalculatingAgeForParticularDob_FromDataPickerUITests.m */ = {isa = PBXFileReference; lastKnownFileType = sourcecode.c.objc; path = CalculatingAgeForParticularDob_FromDataPickerUITests.m; sourceTree = "<group>"; };
		525A5F821CF477A200AC2137 /* Info.plist */ = {isa = PBXFileReference; lastKnownFileType = text.plist.xml; path = Info.plist; sourceTree = "<group>"; };
/* End PBXFileReference section */

/* Begin PBXFrameworksBuildPhase section */
		525A5F551CF477A200AC2137 /* Frameworks */ = {
			isa = PBXFrameworksBuildPhase;
			buildActionMask = 2147483647;
			files = (
			);
			runOnlyForDeploymentPostprocessing = 0;
		};
		525A5F6E1CF477A200AC2137 /* Frameworks */ = {
			isa = PBXFrameworksBuildPhase;
			buildActionMask = 2147483647;
			files = (
			);
			runOnlyForDeploymentPostprocessing = 0;
		};
		525A5F791CF477A200AC2137 /* Frameworks */ = {
			isa = PBXFrameworksBuildPhase;
			buildActionMask = 2147483647;
			files = (
			);
			runOnlyForDeploymentPostprocessing = 0;
		};
/* End PBXFrameworksBuildPhase section */

/* Begin PBXGroup section */
		525A5F4F1CF477A200AC2137 = {
			isa = PBXGroup;
			children = (
				525A5F5A1CF477A200AC2137 /* CalculatingAgeForParticularDob FromDataPicker */,
				525A5F741CF477A200AC2137 /* CalculatingAgeForParticularDob FromDataPickerTests */,
				525A5F7F1CF477A200AC2137 /* CalculatingAgeForParticularDob FromDataPickerUITests */,
				525A5F591CF477A200AC2137 /* Products */,
			);
			sourceTree = "<group>";
		};
		525A5F591CF477A200AC2137 /* Products */ = {
			isa = PBXGroup;
			children = (
				525A5F581CF477A200AC2137 /* CalculatingAgeForParticularDob FromDataPicker.app */,
				525A5F711CF477A200AC2137 /* CalculatingAgeForParticularDob FromDataPickerTests.xctest */,
				525A5F7C1CF477A200AC2137 /* CalculatingAgeForParticularDob FromDataPickerUITests.xctest */,
			);
			name = Products;
			sourceTree = "<group>";
		};
		525A5F5A1CF477A200AC2137 /* CalculatingAgeForParticularDob FromDataPicker */ = {
			isa = PBXGroup;
			children = (
				525A5F5E1CF477A200AC2137 /* AppDelegate.h */,
				525A5F5F1CF477A200AC2137 /* AppDelegate.m */,
				525A5F611CF477A200AC2137 /* ViewController.h */,
				525A5F621CF477A200AC2137 /* ViewController.m */,
				525A5F641CF477A200AC2137 /* Main.storyboard */,
				525A5F671CF477A200AC2137 /* Assets.xcassets */,
				525A5F691CF477A200AC2137 /* LaunchScreen.storyboard */,
				525A5F6C1CF477A200AC2137 /* Info.plist */,
				525A5F5B1CF477A200AC2137 /* Supporting Files */,
			);
			path = "CalculatingAgeForParticularDob FromDataPicker";
			sourceTree = "<group>";
		};
		525A5F5B1CF477A200AC2137 /* Supporting Files */ = {
			isa = PBXGroup;
			children = (
				525A5F5C1CF477A200AC2137 /* main.m */,
			);
			name = "Supporting Files";
			sourceTree = "<group>";
		};
		525A5F741CF477A200AC2137 /* CalculatingAgeForParticularDob FromDataPickerTests */ = {
			isa = PBXGroup;
			children = (
				525A5F751CF477A200AC2137 /* CalculatingAgeForParticularDob_FromDataPickerTests.m */,
				525A5F771CF477A200AC2137 /* Info.plist */,
			);
			path = "CalculatingAgeForParticularDob FromDataPickerTests";
			sourceTree = "<group>";
		};
		525A5F7F1CF477A200AC2137 /* CalculatingAgeForParticularDob FromDataPickerUITests */ = {
			isa = PBXGroup;
			children = (
				525A5F801CF477A200AC2137 /* CalculatingAgeForParticularDob_FromDataPickerUITests.m */,
				525A5F821CF477A200AC2137 /* Info.plist */,
			);
			path = "CalculatingAgeForParticularDob FromDataPickerUITests";
			sourceTree = "<group>";
		};
/* End PBXGroup section */

/* Begin PBXNativeTarget section */
		525A5F571CF477A200AC2137 /* CalculatingAgeForParticularDob FromDataPicker */ = {
			isa = PBXNativeTarget;
			buildConfigurationList = 525A5F851CF477A200AC2137 /* Build configuration list for PBXNativeTarget "CalculatingAgeForParticularDob FromDataPicker" */;
			buildPhases = (
				525A5F541CF477A200AC2137 /* Sources */,
				525A5F551CF477A200AC2137 /* Frameworks */,
				525A5F561CF477A200AC2137 /* Resources */,
			);
			buildRules = (
			);
			dependencies = (
			);
			name = "CalculatingAgeForParticularDob FromDataPicker";
			productName = "CalculatingAgeForParticularDob FromDataPicker";
			productReference = 525A5F581CF477A200AC2137 /* CalculatingAgeForParticularDob FromDataPicker.app */;
			productType = "com.apple.product-type.application";
		};
		525A5F701CF477A200AC2137 /* CalculatingAgeForParticularDob FromDataPickerTests */ = {
			isa = PBXNativeTarget;
			buildConfigurationList = 525A5F881CF477A200AC2137 /* Build configuration list for PBXNativeTarget "CalculatingAgeForParticularDob FromDataPickerTests" */;
			buildPhases = (
				525A5F6D1CF477A200AC2137 /* Sources */,
				525A5F6E1CF477A200AC2137 /* Frameworks */,
				525A5F6F1CF477A200AC2137 /* Resources */,
			);
			buildRules = (
			);
			dependencies = (
				525A5F731CF477A200AC2137 /* PBXTargetDependency */,
			);
			name = "CalculatingAgeForParticularDob FromDataPickerTests";
			productName = "CalculatingAgeForParticularDob FromDataPickerTests";
			productReference = 525A5F711CF477A200AC2137 /* CalculatingAgeForParticularDob FromDataPickerTests.xctest */;
			productType = "com.apple.product-type.bundle.unit-test";
		};
		525A5F7B1CF477A200AC2137 /* CalculatingAgeForParticularDob FromDataPickerUITests */ = {
			isa = PBXNativeTarget;
			buildConfigurationList = 525A5F8B1CF477A200AC2137 /* Build configuration list for PBXNativeTarget "CalculatingAgeForParticularDob FromDataPickerUITests" */;
			buildPhases = (
				525A5F781CF477A200AC2137 /* Sources */,
				525A5F791CF477A200AC2137 /* Frameworks */,
				525A5F7A1CF477A200AC2137 /* Resources */,
			);
			buildRules = (
			);
			dependencies = (
				525A5F7E1CF477A200AC2137 /* PBXTargetDependency */,
			);
			name = "CalculatingAgeForParticularDob FromDataPickerUITests";
			productName = "CalculatingAgeForParticularDob FromDataPickerUITests";
			productReference = 525A5F7C1CF477A200AC2137 /* CalculatingAgeForParticularDob FromDataPickerUITests.xctest */;
			productType = "com.apple.product-type.bundle.ui-testing";
		};
/* End PBXNativeTarget section */

/* Begin PBXProject section */
		525A5F501CF477A200AC2137 /* Project object */ = {
			isa = PBXProject;
			attributes = {
				LastUpgradeCheck = 0730;
				ORGANIZATIONNAME = NeoRays;
				TargetAttributes = {
					525A5F571CF477A200AC2137 = {
						CreatedOnToolsVersion = 7.3;
					};
					525A5F701CF477A200AC2137 = {
						CreatedOnToolsVersion = 7.3;
						TestTargetID = 525A5F571CF477A200AC2137;
					};
					525A5F7B1CF477A200AC2137 = {
						CreatedOnToolsVersion = 7.3;
						TestTargetID = 525A5F571CF477A200AC2137;
					};
				};
			};
			buildConfigurationList = 525A5F531CF477A200AC2137 /* Build configuration list for PBXProject "CalculatingAgeForParticularDob FromDataPicker" */;
			compatibilityVersion = "Xcode 3.2";
			developmentRegion = English;
			hasScannedForEncodings = 0;
			knownRegions = (
				en,
				Base,
			);
			mainGroup = 525A5F4F1CF477A200AC2137;
			productRefGroup = 525A5F591CF477A200AC2137 /* Products */;
			projectDirPath = "";
			projectRoot = "";
			targets = (
				525A5F571CF477A200AC2137 /* CalculatingAgeForParticularDob FromDataPicker */,
				525A5F701CF477A200AC2137 /* CalculatingAgeForParticularDob FromDataPickerTests */,
				525A5F7B1CF477A200AC2137 /* CalculatingAgeForParticularDob FromDataPickerUITests */,
			);
		};
/* End PBXProject section */

/* Begin PBXResourcesBuildPhase section */
		525A5F561CF477A200AC2137 /* Resources */ = {
			isa = PBXResourcesBuildPhase;
			buildActionMask = 2147483647;
			files = (
				525A5F6B1CF477A200AC2137 /* LaunchScreen.storyboard in Resources */,
				525A5F681CF477A200AC2137 /* Assets.xcassets in Resources */,
				525A5F661CF477A200AC2137 /* Main.storyboard in Resources */,
			);
			runOnlyForDeploymentPostprocessing = 0;
		};
		525A5F6F1CF477A200AC2137 /* Resources */ = {
			isa = PBXResourcesBuildPhase;
			buildActionMask = 2147483647;
			files = (
			);
			runOnlyForDeploymentPostprocessing = 0;
		};
		525A5F7A1CF477A200AC2137 /* Resources */ = {
			isa = PBXResourcesBuildPhase;
			buildActionMask = 2147483647;
			files = (
			);
			runOnlyForDeploymentPostprocessing = 0;
		};
/* End PBXResourcesBuildPhase section */

/* Begin PBXSourcesBuildPhase section */
		525A5F541CF477A200AC2137 /* Sources */ = {
			isa = PBXSourcesBuildPhase;
			buildActionMask = 2147483647;
			files = (
				525A5F631CF477A200AC2137 /* ViewController.m in Sources */,
				525A5F601CF477A200AC2137 /* AppDelegate.m in Sources */,
				525A5F5D1CF477A200AC2137 /* main.m in Sources */,
			);
			runOnlyForDeploymentPostprocessing = 0;
		};
		525A5F6D1CF477A200AC2137 /* Sources */ = {
			isa = PBXSourcesBuildPhase;
			buildActionMask = 2147483647;
			files = (
				525A5F761CF477A200AC2137 /* CalculatingAgeForParticularDob_FromDataPickerTests.m in Sources */,
			);
			runOnlyForDeploymentPostprocessing = 0;
		};
		525A5F781CF477A200AC2137 /* Sources */ = {
			isa = PBXSourcesBuildPhase;
			buildActionMask = 2147483647;
			files = (
				525A5F811CF477A200AC2137 /* CalculatingAgeForParticularDob_FromDataPickerUITests.m in Sources */,
			);
			runOnlyForDeploymentPostprocessing = 0;
		};
/* End PBXSourcesBuildPhase section */

/* Begin PBXTargetDependency section */
		525A5F731CF477A200AC2137 /* PBXTargetDependency */ = {
			isa = PBXTargetDependency;
			target = 525A5F571CF477A200AC2137 /* CalculatingAgeForParticularDob FromDataPicker */;
			targetProxy = 525A5F721CF477A200AC2137 /* PBXContainerItemProxy */;
		};
		525A5F7E1CF477A200AC2137 /* PBXTargetDependency */ = {
			isa = PBXTargetDependency;
			target = 525A5F571CF477A200AC2137 /* CalculatingAgeForParticularDob FromDataPicker */;
			targetProxy = 525A5F7D1CF477A200AC2137 /* PBXContainerItemProxy */;
		};
/* End PBXTargetDependency section */

/* Begin PBXVariantGroup section */
		525A5F641CF477A200AC2137 /* Main.storyboard */ = {
			isa = PBXVariantGroup;
			children = (
				525A5F651CF477A200AC2137 /* Base */,
			);
			name = Main.storyboard;
			sourceTree = "<group>";
		};
		525A5F691CF477A200AC2137 /* LaunchScreen.storyboard */ = {
			isa = PBXVariantGroup;
			children = (
				525A5F6A1CF477A200AC2137 /* Base */,
			);
			name = LaunchScreen.storyboard;
			sourceTree = "<group>";
		};
/* End PBXVariantGroup section */

/* Begin XCBuildConfiguration section */
		525A5F831CF477A200AC2137 /* Debug */ = {
			isa = XCBuildConfiguration;
			buildSettings = {
				ALWAYS_SEARCH_USER_PATHS = NO;
				CLANG_ANALYZER_NONNULL = YES;
				CLANG_CXX_LANGUAGE_STANDARD = "gnu++0x";
				CLANG_CXX_LIBRARY = "libc++";
				CLANG_ENABLE_MODULES = YES;
				CLANG_ENABLE_OBJC_ARC = YES;
				CLANG_WARN_BOOL_CONVERSION = YES;
				CLANG_WARN_CONSTANT_CONVERSION = YES;
				CLANG_WARN_DIRECT_OBJC_ISA_USAGE = YES_ERROR;
				CLANG_WARN_EMPTY_BODY = YES;
				CLANG_WARN_ENUM_CONVERSION = YES;
				CLANG_WARN_INT_CONVERSION = YES;
				CLANG_WARN_OBJC_ROOT_CLASS = YES_ERROR;
				CLANG_WARN_UNREACHABLE_CODE = YES;
				CLANG_WARN__DUPLICATE_METHOD_MATCH = YES;
				"CODE_SIGN_IDENTITY[sdk=iphoneos*]" = "iPhone Developer";
				COPY_PHASE_STRIP = NO;
				DEBUG_INFORMATION_FORMAT = dwarf;
				ENABLE_STRICT_OBJC_MSGSEND = YES;
				ENABLE_TESTABILITY = YES;
				GCC_C_LANGUAGE_STANDARD = gnu99;
				GCC_DYNAMIC_NO_PIC = NO;
				GCC_NO_COMMON_BLOCKS = YES;
				GCC_OPTIMIZATION_LEVEL = 0;
				GCC_PREPROCESSOR_DEFINITIONS = (
					"DEBUG=1",
					"$(inherited)",
				);
				GCC_WARN_64_TO_32_BIT_CONVERSION = YES;
				GCC_WARN_ABOUT_RETURN_TYPE = YES_ERROR;
				GCC_WARN_UNDECLARED_SELECTOR = YES;
				GCC_WARN_UNINITIALIZED_AUTOS = YES_AGGRESSIVE;
				GCC_WARN_UNUSED_FUNCTION = YES;
				GCC_WARN_UNUSED_VARIABLE = YES;
				IPHONEOS_DEPLOYMENT_TARGET = 9.3;
				MTL_ENABLE_DEBUG_INFO = YES;
				ONLY_ACTIVE_ARCH = YES;
				SDKROOT = iphoneos;
				TARGETED_DEVICE_FAMILY = "1,2";
			};
			name = Debug;
		};
		525A5F841CF477A200AC2137 /* Release */ = {
			isa = XCBuildConfiguration;
			buildSettings = {
				ALWAYS_SEARCH_USER_PATHS = NO;
				CLANG_ANALYZER_NONNULL = YES;
				CLANG_CXX_LANGUAGE_STANDARD = "gnu++0x";
				CLANG_CXX_LIBRARY = "libc++";
				CLANG_ENABLE_MODULES = YES;
				CLANG_ENABLE_OBJC_ARC = YES;
				CLANG_WARN_BOOL_CONVERSION = YES;
				CLANG_WARN_CONSTANT_CONVERSION = YES;
				CLANG_WARN_DIRECT_OBJC_ISA_USAGE = YES_ERROR;
				CLANG_WARN_EMPTY_BODY = YES;
				CLANG_WARN_ENUM_CONVERSION = YES;
				CLANG_WARN_INT_CONVERSION = YES;
				CLANG_WARN_OBJC_ROOT_CLASS = YES_ERROR;
				CLANG_WARN_UNREACHABLE_CODE = YES;
				CLANG_WARN__DUPLICATE_METHOD_MATCH = YES;
				"CODE_SIGN_IDENTITY[sdk=iphoneos*]" = "iPhone Developer";
				COPY_PHASE_STRIP = NO;
				DEBUG_INFORMATION_FORMAT = "dwarf-with-dsym";
				ENABLE_NS_ASSERTIONS = NO;
				ENABLE_STRICT_OBJC_MSGSEND = YES;
				GCC_C_LANGUAGE_STANDARD = gnu99;
				GCC_NO_COMMON_BLOCKS = YES;
				GCC_WARN_64_TO_32_BIT_CONVERSION = YES;
				GCC_WARN_ABOUT_RETURN_TYPE = YES_ERROR;
				GCC_WARN_UNDECLARED_SELECTOR = YES;
				GCC_WARN_UNINITIALIZED_AUTOS = YES_AGGRESSIVE;
				GCC_WARN_UNUSED_FUNCTION = YES;
				GCC_WARN_UNUSED_VARIABLE = YES;
				IPHONEOS_DEPLOYMENT_TARGET = 9.3;
				MTL_ENABLE_DEBUG_INFO = NO;
				SDKROOT = iphoneos;
				TARGETED_DEVICE_FAMILY = "1,2";
				VALIDATE_PRODUCT = YES;
			};
			name = Release;
		};
		525A5F861CF477A200AC2137 /* Debug */ = {
			isa = XCBuildConfiguration;
			buildSettings = {
				ASSETCATALOG_COMPILER_APPICON_NAME = AppIcon;
				INFOPLIST_FILE = "CalculatingAgeForParticularDob FromDataPicker/Info.plist";
				LD_RUNPATH_SEARCH_PATHS = "$(inherited) @executable_path/Frameworks";
				PRODUCT_BUNDLE_IDENTIFIER = "com.Test.CalculatingAgeForParticularDob-FromDataPicker";
				PRODUCT_NAME = "$(TARGET_NAME)";
			};
			name = Debug;
		};
		525A5F871CF477A200AC2137 /* Release */ = {
			isa = XCBuildConfiguration;
			buildSettings = {
				ASSETCATALOG_COMPILER_APPICON_NAME = AppIcon;
				INFOPLIST_FILE = "CalculatingAgeForParticularDob FromDataPicker/Info.plist";
				LD_RUNPATH_SEARCH_PATHS = "$(inherited) @executable_path/Frameworks";
				PRODUCT_BUNDLE_IDENTIFIER = "com.Test.CalculatingAgeForParticularDob-FromDataPicker";
				PRODUCT_NAME = "$(TARGET_NAME)";
			};
			name = Release;
		};
		525A5F891CF477A200AC2137 /* Debug */ = {
			isa = XCBuildConfiguration;
			buildSettings = {
				BUNDLE_LOADER = "$(TEST_HOST)";
				INFOPLIST_FILE = "CalculatingAgeForParticularDob FromDataPickerTests/Info.plist";
				LD_RUNPATH_SEARCH_PATHS = "$(inherited) @executable_path/Frameworks @loader_path/Frameworks";
				PRODUCT_BUNDLE_IDENTIFIER = "com.Test.CalculatingAgeForParticularDob-FromDataPickerTests";
				PRODUCT_NAME = "$(TARGET_NAME)";
				TEST_HOST = "$(BUILT_PRODUCTS_DIR)/CalculatingAgeForParticularDob FromDataPicker.app/CalculatingAgeForParticularDob FromDataPicker";
			};
			name = Debug;
		};
		525A5F8A1CF477A200AC2137 /* Release */ = {
			isa = XCBuildConfiguration;
			buildSettings = {
				BUNDLE_LOADER = "$(TEST_HOST)";
				INFOPLIST_FILE = "CalculatingAgeForParticularDob FromDataPickerTests/Info.plist";
				LD_RUNPATH_SEARCH_PATHS = "$(inherited) @executable_path/Frameworks @loader_path/Frameworks";
				PRODUCT_BUNDLE_IDENTIFIER = "com.Test.CalculatingAgeForParticularDob-FromDataPickerTests";
				PRODUCT_NAME = "$(TARGET_NAME)";
				TEST_HOST = "$(BUILT_PRODUCTS_DIR)/CalculatingAgeForParticularDob FromDataPicker.app/CalculatingAgeForParticularDob FromDataPicker";
			};
			name = Release;
		};
		525A5F8C1CF477A200AC2137 /* Debug */ = {
			isa = XCBuildConfiguration;
			buildSettings = {
				INFOPLIST_FILE = "CalculatingAgeForParticularDob FromDataPickerUITests/Info.plist";
				LD_RUNPATH_SEARCH_PATHS = "$(inherited) @executable_path/Frameworks @loader_path/Frameworks";
				PRODUCT_BUNDLE_IDENTIFIER = "com.Test.CalculatingAgeForParticularDob-FromDataPickerUITests";
				PRODUCT_NAME = "$(TARGET_NAME)";
				TEST_TARGET_NAME = "CalculatingAgeForParticularDob FromDataPicker";
			};
			name = Debug;
		};
		525A5F8D1CF477A200AC2137 /* Release */ = {
			isa = XCBuildConfiguration;
			buildSettings = {
				INFOPLIST_FILE = "CalculatingAgeForParticularDob FromDataPickerUITests/Info.plist";
				LD_RUNPATH_SEARCH_PATHS = "$(inherited) @executable_path/Frameworks @loader_path/Frameworks";
				PRODUCT_BUNDLE_IDENTIFIER = "com.Test.CalculatingAgeForParticularDob-FromDataPickerUITests";
				PRODUCT_NAME = "$(TARGET_NAME)";
				TEST_TARGET_NAME = "CalculatingAgeForParticularDob FromDataPicker";
			};
			name = Release;
		};
/* End XCBuildConfiguration section */

/* Begin XCConfigurationList section */
		525A5F531CF477A200AC2137 /* Build configuration list for PBXProject "CalculatingAgeForParticularDob FromDataPicker" */ = {
			isa = XCConfigurationList;
			buildConfigurations = (
				525A5F831CF477A200AC2137 /* Debug */,
				525A5F841CF477A200AC2137 /* Release */,
			);
			defaultConfigurationIsVisible = 0;
			defaultConfigurationName = Release;
		};
		525A5F851CF477A200AC2137 /* Build configuration list for PBXNativeTarget "CalculatingAgeForParticularDob FromDataPicker" */ = {
			isa = XCConfigurationList;
			buildConfigurations = (
				525A5F861CF477A200AC2137 /* Debug */,
				525A5F871CF477A200AC2137 /* Release */,
			);
			defaultConfigurationIsVisible = 0;
		};
		525A5F881CF477A200AC2137 /* Build configuration list for PBXNativeTarget "CalculatingAgeForParticularDob FromDataPickerTests" */ = {
			isa = XCConfigurationList;
			buildConfigurations = (
				525A5F891CF477A200AC2137 /* Debug */,
				525A5F8A1CF477A200AC2137 /* Release */,
			);
			defaultConfigurationIsVisible = 0;
		};
		525A5F8B1CF477A200AC2137 /* Build configuration list for PBXNativeTarget "CalculatingAgeForParticularDob FromDataPickerUITests" */ = {
			isa = XCConfigurationList;
			buildConfigurations = (
				525A5F8C1CF477A200AC2137 /* Debug */,
				525A5F8D1CF477A200AC2137 /* Release */,
			);
			defaultConfigurationIsVisible = 0;
		};
/* End XCConfigurationList section */
	};
	rootObject = 525A5F501CF477A200AC2137 /* Project object */;
}
