// !$*UTF8*$!
{
	archiveVersion = 1;
	classes = {
	};
	objectVersion = 46;
	objects = {

/* Begin PBXBuildFile section */
		5222ED341CBCEA5D003E3806 /* main.m in Sources */ = {isa = PBXBuildFile; fileRef = 5222ED331CBCEA5D003E3806 /* main.m */; };
		5222ED371CBCEA5D003E3806 /* AppDelegate.m in Sources */ = {isa = PBXBuildFile; fileRef = 5222ED361CBCEA5D003E3806 /* AppDelegate.m */; };
		5222ED3A1CBCEA5D003E3806 /* ViewController.m in Sources */ = {isa = PBXBuildFile; fileRef = 5222ED391CBCEA5D003E3806 /* ViewController.m */; };
		5222ED3D1CBCEA5D003E3806 /* Main.storyboard in Resources */ = {isa = PBXBuildFile; fileRef = 5222ED3B1CBCEA5D003E3806 /* Main.storyboard */; };
		5222ED3F1CBCEA5D003E3806 /* Assets.xcassets in Resources */ = {isa = PBXBuildFile; fileRef = 5222ED3E1CBCEA5D003E3806 /* Assets.xcassets */; };
		5222ED421CBCEA5D003E3806 /* LaunchScreen.storyboard in Resources */ = {isa = PBXBuildFile; fileRef = 5222ED401CBCEA5D003E3806 /* LaunchScreen.storyboard */; };
		5222ED4D1CBCEA5D003E3806 /* CustomPickerSingleComponentTests.m in Sources */ = {isa = PBXBuildFile; fileRef = 5222ED4C1CBCEA5D003E3806 /* CustomPickerSingleComponentTests.m */; };
		5222ED581CBCEA5D003E3806 /* CustomPickerSingleComponentUITests.m in Sources */ = {isa = PBXBuildFile; fileRef = 5222ED571CBCEA5D003E3806 /* CustomPickerSingleComponentUITests.m */; };
/* End PBXBuildFile section */

/* Begin PBXContainerItemProxy section */
		5222ED491CBCEA5D003E3806 /* PBXContainerItemProxy */ = {
			isa = PBXContainerItemProxy;
			containerPortal = 5222ED271CBCEA5D003E3806 /* Project object */;
			proxyType = 1;
			remoteGlobalIDString = 5222ED2E1CBCEA5D003E3806;
			remoteInfo = CustomPickerSingleComponent;
		};
		5222ED541CBCEA5D003E3806 /* PBXContainerItemProxy */ = {
			isa = PBXContainerItemProxy;
			containerPortal = 5222ED271CBCEA5D003E3806 /* Project object */;
			proxyType = 1;
			remoteGlobalIDString = 5222ED2E1CBCEA5D003E3806;
			remoteInfo = CustomPickerSingleComponent;
		};
/* End PBXContainerItemProxy section */

/* Begin PBXFileReference section */
		5222ED2F1CBCEA5D003E3806 /* CustomPickerSingleComponent.app */ = {isa = PBXFileReference; explicitFileType = wrapper.application; includeInIndex = 0; path = CustomPickerSingleComponent.app; sourceTree = BUILT_PRODUCTS_DIR; };
		5222ED331CBCEA5D003E3806 /* main.m */ = {isa = PBXFileReference; lastKnownFileType = sourcecode.c.objc; path = main.m; sourceTree = "<group>"; };
		5222ED351CBCEA5D003E3806 /* AppDelegate.h */ = {isa = PBXFileReference; lastKnownFileType = sourcecode.c.h; path = AppDelegate.h; sourceTree = "<group>"; };
		5222ED361CBCEA5D003E3806 /* AppDelegate.m */ = {isa = PBXFileReference; lastKnownFileType = sourcecode.c.objc; path = AppDelegate.m; sourceTree = "<group>"; };
		5222ED381CBCEA5D003E3806 /* ViewController.h */ = {isa = PBXFileReference; lastKnownFileType = sourcecode.c.h; path = ViewController.h; sourceTree = "<group>"; };
		5222ED391CBCEA5D003E3806 /* ViewController.m */ = {isa = PBXFileReference; lastKnownFileType = sourcecode.c.objc; path = ViewController.m; sourceTree = "<group>"; };
		5222ED3C1CBCEA5D003E3806 /* Base */ = {isa = PBXFileReference; lastKnownFileType = file.storyboard; name = Base; path = Base.lproj/Main.storyboard; sourceTree = "<group>"; };
		5222ED3E1CBCEA5D003E3806 /* Assets.xcassets */ = {isa = PBXFileReference; lastKnownFileType = folder.assetcatalog; path = Assets.xcassets; sourceTree = "<group>"; };
		5222ED411CBCEA5D003E3806 /* Base */ = {isa = PBXFileReference; lastKnownFileType = file.storyboard; name = Base; path = Base.lproj/LaunchScreen.storyboard; sourceTree = "<group>"; };
		5222ED431CBCEA5D003E3806 /* Info.plist */ = {isa = PBXFileReference; lastKnownFileType = text.plist.xml; path = Info.plist; sourceTree = "<group>"; };
		5222ED481CBCEA5D003E3806 /* CustomPickerSingleComponentTests.xctest */ = {isa = PBXFileReference; explicitFileType = wrapper.cfbundle; includeInIndex = 0; path = CustomPickerSingleComponentTests.xctest; sourceTree = BUILT_PRODUCTS_DIR; };
		5222ED4C1CBCEA5D003E3806 /* CustomPickerSingleComponentTests.m */ = {isa = PBXFileReference; lastKnownFileType = sourcecode.c.objc; path = CustomPickerSingleComponentTests.m; sourceTree = "<group>"; };
		5222ED4E1CBCEA5D003E3806 /* Info.plist */ = {isa = PBXFileReference; lastKnownFileType = text.plist.xml; path = Info.plist; sourceTree = "<group>"; };
		5222ED531CBCEA5D003E3806 /* CustomPickerSingleComponentUITests.xctest */ = {isa = PBXFileReference; explicitFileType = wrapper.cfbundle; includeInIndex = 0; path = CustomPickerSingleComponentUITests.xctest; sourceTree = BUILT_PRODUCTS_DIR; };
		5222ED571CBCEA5D003E3806 /* CustomPickerSingleComponentUITests.m */ = {isa = PBXFileReference; lastKnownFileType = sourcecode.c.objc; path = CustomPickerSingleComponentUITests.m; sourceTree = "<group>"; };
		5222ED591CBCEA5D003E3806 /* Info.plist */ = {isa = PBXFileReference; lastKnownFileType = text.plist.xml; path = Info.plist; sourceTree = "<group>"; };
/* End PBXFileReference section */

/* Begin PBXFrameworksBuildPhase section */
		5222ED2C1CBCEA5D003E3806 /* Frameworks */ = {
			isa = PBXFrameworksBuildPhase;
			buildActionMask = 2147483647;
			files = (
			);
			runOnlyForDeploymentPostprocessing = 0;
		};
		5222ED451CBCEA5D003E3806 /* Frameworks */ = {
			isa = PBXFrameworksBuildPhase;
			buildActionMask = 2147483647;
			files = (
			);
			runOnlyForDeploymentPostprocessing = 0;
		};
		5222ED501CBCEA5D003E3806 /* Frameworks */ = {
			isa = PBXFrameworksBuildPhase;
			buildActionMask = 2147483647;
			files = (
			);
			runOnlyForDeploymentPostprocessing = 0;
		};
/* End PBXFrameworksBuildPhase section */

/* Begin PBXGroup section */
		5222ED261CBCEA5D003E3806 = {
			isa = PBXGroup;
			children = (
				5222ED311CBCEA5D003E3806 /* CustomPickerSingleComponent */,
				5222ED4B1CBCEA5D003E3806 /* CustomPickerSingleComponentTests */,
				5222ED561CBCEA5D003E3806 /* CustomPickerSingleComponentUITests */,
				5222ED301CBCEA5D003E3806 /* Products */,
			);
			sourceTree = "<group>";
		};
		5222ED301CBCEA5D003E3806 /* Products */ = {
			isa = PBXGroup;
			children = (
				5222ED2F1CBCEA5D003E3806 /* CustomPickerSingleComponent.app */,
				5222ED481CBCEA5D003E3806 /* CustomPickerSingleComponentTests.xctest */,
				5222ED531CBCEA5D003E3806 /* CustomPickerSingleComponentUITests.xctest */,
			);
			name = Products;
			sourceTree = "<group>";
		};
		5222ED311CBCEA5D003E3806 /* CustomPickerSingleComponent */ = {
			isa = PBXGroup;
			children = (
				5222ED351CBCEA5D003E3806 /* AppDelegate.h */,
				5222ED361CBCEA5D003E3806 /* AppDelegate.m */,
				5222ED381CBCEA5D003E3806 /* ViewController.h */,
				5222ED391CBCEA5D003E3806 /* ViewController.m */,
				5222ED3B1CBCEA5D003E3806 /* Main.storyboard */,
				5222ED3E1CBCEA5D003E3806 /* Assets.xcassets */,
				5222ED401CBCEA5D003E3806 /* LaunchScreen.storyboard */,
				5222ED431CBCEA5D003E3806 /* Info.plist */,
				5222ED321CBCEA5D003E3806 /* Supporting Files */,
			);
			path = CustomPickerSingleComponent;
			sourceTree = "<group>";
		};
		5222ED321CBCEA5D003E3806 /* Supporting Files */ = {
			isa = PBXGroup;
			children = (
				5222ED331CBCEA5D003E3806 /* main.m */,
			);
			name = "Supporting Files";
			sourceTree = "<group>";
		};
		5222ED4B1CBCEA5D003E3806 /* CustomPickerSingleComponentTests */ = {
			isa = PBXGroup;
			children = (
				5222ED4C1CBCEA5D003E3806 /* CustomPickerSingleComponentTests.m */,
				5222ED4E1CBCEA5D003E3806 /* Info.plist */,
			);
			path = CustomPickerSingleComponentTests;
			sourceTree = "<group>";
		};
		5222ED561CBCEA5D003E3806 /* CustomPickerSingleComponentUITests */ = {
			isa = PBXGroup;
			children = (
				5222ED571CBCEA5D003E3806 /* CustomPickerSingleComponentUITests.m */,
				5222ED591CBCEA5D003E3806 /* Info.plist */,
			);
			path = CustomPickerSingleComponentUITests;
			sourceTree = "<group>";
		};
/* End PBXGroup section */

/* Begin PBXNativeTarget section */
		5222ED2E1CBCEA5D003E3806 /* CustomPickerSingleComponent */ = {
			isa = PBXNativeTarget;
			buildConfigurationList = 5222ED5C1CBCEA5D003E3806 /* Build configuration list for PBXNativeTarget "CustomPickerSingleComponent" */;
			buildPhases = (
				5222ED2B1CBCEA5D003E3806 /* Sources */,
				5222ED2C1CBCEA5D003E3806 /* Frameworks */,
				5222ED2D1CBCEA5D003E3806 /* Resources */,
			);
			buildRules = (
			);
			dependencies = (
			);
			name = CustomPickerSingleComponent;
			productName = CustomPickerSingleComponent;
			productReference = 5222ED2F1CBCEA5D003E3806 /* CustomPickerSingleComponent.app */;
			productType = "com.apple.product-type.application";
		};
		5222ED471CBCEA5D003E3806 /* CustomPickerSingleComponentTests */ = {
			isa = PBXNativeTarget;
			buildConfigurationList = 5222ED5F1CBCEA5D003E3806 /* Build configuration list for PBXNativeTarget "CustomPickerSingleComponentTests" */;
			buildPhases = (
				5222ED441CBCEA5D003E3806 /* Sources */,
				5222ED451CBCEA5D003E3806 /* Frameworks */,
				5222ED461CBCEA5D003E3806 /* Resources */,
			);
			buildRules = (
			);
			dependencies = (
				5222ED4A1CBCEA5D003E3806 /* PBXTargetDependency */,
			);
			name = CustomPickerSingleComponentTests;
			productName = CustomPickerSingleComponentTests;
			productReference = 5222ED481CBCEA5D003E3806 /* CustomPickerSingleComponentTests.xctest */;
			productType = "com.apple.product-type.bundle.unit-test";
		};
		5222ED521CBCEA5D003E3806 /* CustomPickerSingleComponentUITests */ = {
			isa = PBXNativeTarget;
			buildConfigurationList = 5222ED621CBCEA5D003E3806 /* Build configuration list for PBXNativeTarget "CustomPickerSingleComponentUITests" */;
			buildPhases = (
				5222ED4F1CBCEA5D003E3806 /* Sources */,
				5222ED501CBCEA5D003E3806 /* Frameworks */,
				5222ED511CBCEA5D003E3806 /* Resources */,
			);
			buildRules = (
			);
			dependencies = (
				5222ED551CBCEA5D003E3806 /* PBXTargetDependency */,
			);
			name = CustomPickerSingleComponentUITests;
			productName = CustomPickerSingleComponentUITests;
			productReference = 5222ED531CBCEA5D003E3806 /* CustomPickerSingleComponentUITests.xctest */;
			productType = "com.apple.product-type.bundle.ui-testing";
		};
/* End PBXNativeTarget section */

/* Begin PBXProject section */
		5222ED271CBCEA5D003E3806 /* Project object */ = {
			isa = PBXProject;
			attributes = {
				LastUpgradeCheck = 0730;
				ORGANIZATIONNAME = test;
				TargetAttributes = {
					5222ED2E1CBCEA5D003E3806 = {
						CreatedOnToolsVersion = 7.3;
					};
					5222ED471CBCEA5D003E3806 = {
						CreatedOnToolsVersion = 7.3;
						TestTargetID = 5222ED2E1CBCEA5D003E3806;
					};
					5222ED521CBCEA5D003E3806 = {
						CreatedOnToolsVersion = 7.3;
						TestTargetID = 5222ED2E1CBCEA5D003E3806;
					};
				};
			};
			buildConfigurationList = 5222ED2A1CBCEA5D003E3806 /* Build configuration list for PBXProject "CustomPickerSingleComponent" */;
			compatibilityVersion = "Xcode 3.2";
			developmentRegion = English;
			hasScannedForEncodings = 0;
			knownRegions = (
				en,
				Base,
			);
			mainGroup = 5222ED261CBCEA5D003E3806;
			productRefGroup = 5222ED301CBCEA5D003E3806 /* Products */;
			projectDirPath = "";
			projectRoot = "";
			targets = (
				5222ED2E1CBCEA5D003E3806 /* CustomPickerSingleComponent */,
				5222ED471CBCEA5D003E3806 /* CustomPickerSingleComponentTests */,
				5222ED521CBCEA5D003E3806 /* CustomPickerSingleComponentUITests */,
			);
		};
/* End PBXProject section */

/* Begin PBXResourcesBuildPhase section */
		5222ED2D1CBCEA5D003E3806 /* Resources */ = {
			isa = PBXResourcesBuildPhase;
			buildActionMask = 2147483647;
			files = (
				5222ED421CBCEA5D003E3806 /* LaunchScreen.storyboard in Resources */,
				5222ED3F1CBCEA5D003E3806 /* Assets.xcassets in Resources */,
				5222ED3D1CBCEA5D003E3806 /* Main.storyboard in Resources */,
			);
			runOnlyForDeploymentPostprocessing = 0;
		};
		5222ED461CBCEA5D003E3806 /* Resources */ = {
			isa = PBXResourcesBuildPhase;
			buildActionMask = 2147483647;
			files = (
			);
			runOnlyForDeploymentPostprocessing = 0;
		};
		5222ED511CBCEA5D003E3806 /* Resources */ = {
			isa = PBXResourcesBuildPhase;
			buildActionMask = 2147483647;
			files = (
			);
			runOnlyForDeploymentPostprocessing = 0;
		};
/* End PBXResourcesBuildPhase section */

/* Begin PBXSourcesBuildPhase section */
		5222ED2B1CBCEA5D003E3806 /* Sources */ = {
			isa = PBXSourcesBuildPhase;
			buildActionMask = 2147483647;
			files = (
				5222ED3A1CBCEA5D003E3806 /* ViewController.m in Sources */,
				5222ED371CBCEA5D003E3806 /* AppDelegate.m in Sources */,
				5222ED341CBCEA5D003E3806 /* main.m in Sources */,
			);
			runOnlyForDeploymentPostprocessing = 0;
		};
		5222ED441CBCEA5D003E3806 /* Sources */ = {
			isa = PBXSourcesBuildPhase;
			buildActionMask = 2147483647;
			files = (
				5222ED4D1CBCEA5D003E3806 /* CustomPickerSingleComponentTests.m in Sources */,
			);
			runOnlyForDeploymentPostprocessing = 0;
		};
		5222ED4F1CBCEA5D003E3806 /* Sources */ = {
			isa = PBXSourcesBuildPhase;
			buildActionMask = 2147483647;
			files = (
				5222ED581CBCEA5D003E3806 /* CustomPickerSingleComponentUITests.m in Sources */,
			);
			runOnlyForDeploymentPostprocessing = 0;
		};
/* End PBXSourcesBuildPhase section */

/* Begin PBXTargetDependency section */
		5222ED4A1CBCEA5D003E3806 /* PBXTargetDependency */ = {
			isa = PBXTargetDependency;
			target = 5222ED2E1CBCEA5D003E3806 /* CustomPickerSingleComponent */;
			targetProxy = 5222ED491CBCEA5D003E3806 /* PBXContainerItemProxy */;
		};
		5222ED551CBCEA5D003E3806 /* PBXTargetDependency */ = {
			isa = PBXTargetDependency;
			target = 5222ED2E1CBCEA5D003E3806 /* CustomPickerSingleComponent */;
			targetProxy = 5222ED541CBCEA5D003E3806 /* PBXContainerItemProxy */;
		};
/* End PBXTargetDependency section */

/* Begin PBXVariantGroup section */
		5222ED3B1CBCEA5D003E3806 /* Main.storyboard */ = {
			isa = PBXVariantGroup;
			children = (
				5222ED3C1CBCEA5D003E3806 /* Base */,
			);
			name = Main.storyboard;
			sourceTree = "<group>";
		};
		5222ED401CBCEA5D003E3806 /* LaunchScreen.storyboard */ = {
			isa = PBXVariantGroup;
			children = (
				5222ED411CBCEA5D003E3806 /* Base */,
			);
			name = LaunchScreen.storyboard;
			sourceTree = "<group>";
		};
/* End PBXVariantGroup section */

/* Begin XCBuildConfiguration section */
		5222ED5A1CBCEA5D003E3806 /* Debug */ = {
			isa = XCBuildConfiguration;
			buildSettings = {
				ALWAYS_SEARCH_USER_PATHS = NO;
				CLANG_ANALYZER_NONNULL = YES;
				CLANG_CXX_LANGUAGE_STANDARD = "gnu++0x";
				CLANG_CXX_LIBRARY = "libc++";
				CLANG_ENABLE_MODULES = YES;
				CLANG_ENABLE_OBJC_ARC = YES;
				CLANG_WARN_BOOL_CONVERSION = YES;
				CLANG_WARN_CONSTANT_CONVERSION = YES;
				CLANG_WARN_DIRECT_OBJC_ISA_USAGE = YES_ERROR;
				CLANG_WARN_EMPTY_BODY = YES;
				CLANG_WARN_ENUM_CONVERSION = YES;
				CLANG_WARN_INT_CONVERSION = YES;
				CLANG_WARN_OBJC_ROOT_CLASS = YES_ERROR;
				CLANG_WARN_UNREACHABLE_CODE = YES;
				CLANG_WARN__DUPLICATE_METHOD_MATCH = YES;
				"CODE_SIGN_IDENTITY[sdk=iphoneos*]" = "iPhone Developer";
				COPY_PHASE_STRIP = NO;
				DEBUG_INFORMATION_FORMAT = dwarf;
				ENABLE_STRICT_OBJC_MSGSEND = YES;
				ENABLE_TESTABILITY = YES;
				GCC_C_LANGUAGE_STANDARD = gnu99;
				GCC_DYNAMIC_NO_PIC = NO;
				GCC_NO_COMMON_BLOCKS = YES;
				GCC_OPTIMIZATION_LEVEL = 0;
				GCC_PREPROCESSOR_DEFINITIONS = (
					"DEBUG=1",
					"$(inherited)",
				);
				GCC_WARN_64_TO_32_BIT_CONVERSION = YES;
				GCC_WARN_ABOUT_RETURN_TYPE = YES_ERROR;
				GCC_WARN_UNDECLARED_SELECTOR = YES;
				GCC_WARN_UNINITIALIZED_AUTOS = YES_AGGRESSIVE;
				GCC_WARN_UNUSED_FUNCTION = YES;
				GCC_WARN_UNUSED_VARIABLE = YES;
				IPHONEOS_DEPLOYMENT_TARGET = 9.3;
				MTL_ENABLE_DEBUG_INFO = YES;
				ONLY_ACTIVE_ARCH = YES;
				SDKROOT = iphoneos;
				TARGETED_DEVICE_FAMILY = "1,2";
			};
			name = Debug;
		};
		5222ED5B1CBCEA5D003E3806 /* Release */ = {
			isa = XCBuildConfiguration;
			buildSettings = {
				ALWAYS_SEARCH_USER_PATHS = NO;
				CLANG_ANALYZER_NONNULL = YES;
				CLANG_CXX_LANGUAGE_STANDARD = "gnu++0x";
				CLANG_CXX_LIBRARY = "libc++";
				CLANG_ENABLE_MODULES = YES;
				CLANG_ENABLE_OBJC_ARC = YES;
				CLANG_WARN_BOOL_CONVERSION = YES;
				CLANG_WARN_CONSTANT_CONVERSION = YES;
				CLANG_WARN_DIRECT_OBJC_ISA_USAGE = YES_ERROR;
				CLANG_WARN_EMPTY_BODY = YES;
				CLANG_WARN_ENUM_CONVERSION = YES;
				CLANG_WARN_INT_CONVERSION = YES;
				CLANG_WARN_OBJC_ROOT_CLASS = YES_ERROR;
				CLANG_WARN_UNREACHABLE_CODE = YES;
				CLANG_WARN__DUPLICATE_METHOD_MATCH = YES;
				"CODE_SIGN_IDENTITY[sdk=iphoneos*]" = "iPhone Developer";
				COPY_PHASE_STRIP = NO;
				DEBUG_INFORMATION_FORMAT = "dwarf-with-dsym";
				ENABLE_NS_ASSERTIONS = NO;
				ENABLE_STRICT_OBJC_MSGSEND = YES;
				GCC_C_LANGUAGE_STANDARD = gnu99;
				GCC_NO_COMMON_BLOCKS = YES;
				GCC_WARN_64_TO_32_BIT_CONVERSION = YES;
				GCC_WARN_ABOUT_RETURN_TYPE = YES_ERROR;
				GCC_WARN_UNDECLARED_SELECTOR = YES;
				GCC_WARN_UNINITIALIZED_AUTOS = YES_AGGRESSIVE;
				GCC_WARN_UNUSED_FUNCTION = YES;
				GCC_WARN_UNUSED_VARIABLE = YES;
				IPHONEOS_DEPLOYMENT_TARGET = 9.3;
				MTL_ENABLE_DEBUG_INFO = NO;
				SDKROOT = iphoneos;
				TARGETED_DEVICE_FAMILY = "1,2";
				VALIDATE_PRODUCT = YES;
			};
			name = Release;
		};
		5222ED5D1CBCEA5D003E3806 /* Debug */ = {
			isa = XCBuildConfiguration;
			buildSettings = {
				ASSETCATALOG_COMPILER_APPICON_NAME = AppIcon;
				INFOPLIST_FILE = CustomPickerSingleComponent/Info.plist;
				LD_RUNPATH_SEARCH_PATHS = "$(inherited) @executable_path/Frameworks";
				PRODUCT_BUNDLE_IDENTIFIER = harish.CustomPickerSingleComponent;
				PRODUCT_NAME = "$(TARGET_NAME)";
			};
			name = Debug;
		};
		5222ED5E1CBCEA5D003E3806 /* Release */ = {
			isa = XCBuildConfiguration;
			buildSettings = {
				ASSETCATALOG_COMPILER_APPICON_NAME = AppIcon;
				INFOPLIST_FILE = CustomPickerSingleComponent/Info.plist;
				LD_RUNPATH_SEARCH_PATHS = "$(inherited) @executable_path/Frameworks";
				PRODUCT_BUNDLE_IDENTIFIER = harish.CustomPickerSingleComponent;
				PRODUCT_NAME = "$(TARGET_NAME)";
			};
			name = Release;
		};
		5222ED601CBCEA5D003E3806 /* Debug */ = {
			isa = XCBuildConfiguration;
			buildSettings = {
				BUNDLE_LOADER = "$(TEST_HOST)";
				INFOPLIST_FILE = CustomPickerSingleComponentTests/Info.plist;
				LD_RUNPATH_SEARCH_PATHS = "$(inherited) @executable_path/Frameworks @loader_path/Frameworks";
				PRODUCT_BUNDLE_IDENTIFIER = harish.CustomPickerSingleComponentTests;
				PRODUCT_NAME = "$(TARGET_NAME)";
				TEST_HOST = "$(BUILT_PRODUCTS_DIR)/CustomPickerSingleComponent.app/CustomPickerSingleComponent";
			};
			name = Debug;
		};
		5222ED611CBCEA5D003E3806 /* Release */ = {
			isa = XCBuildConfiguration;
			buildSettings = {
				BUNDLE_LOADER = "$(TEST_HOST)";
				INFOPLIST_FILE = CustomPickerSingleComponentTests/Info.plist;
				LD_RUNPATH_SEARCH_PATHS = "$(inherited) @executable_path/Frameworks @loader_path/Frameworks";
				PRODUCT_BUNDLE_IDENTIFIER = harish.CustomPickerSingleComponentTests;
				PRODUCT_NAME = "$(TARGET_NAME)";
				TEST_HOST = "$(BUILT_PRODUCTS_DIR)/CustomPickerSingleComponent.app/CustomPickerSingleComponent";
			};
			name = Release;
		};
		5222ED631CBCEA5D003E3806 /* Debug */ = {
			isa = XCBuildConfiguration;
			buildSettings = {
				INFOPLIST_FILE = CustomPickerSingleComponentUITests/Info.plist;
				LD_RUNPATH_SEARCH_PATHS = "$(inherited) @executable_path/Frameworks @loader_path/Frameworks";
				PRODUCT_BUNDLE_IDENTIFIER = harish.CustomPickerSingleComponentUITests;
				PRODUCT_NAME = "$(TARGET_NAME)";
				TEST_TARGET_NAME = CustomPickerSingleComponent;
			};
			name = Debug;
		};
		5222ED641CBCEA5D003E3806 /* Release */ = {
			isa = XCBuildConfiguration;
			buildSettings = {
				INFOPLIST_FILE = CustomPickerSingleComponentUITests/Info.plist;
				LD_RUNPATH_SEARCH_PATHS = "$(inherited) @executable_path/Frameworks @loader_path/Frameworks";
				PRODUCT_BUNDLE_IDENTIFIER = harish.CustomPickerSingleComponentUITests;
				PRODUCT_NAME = "$(TARGET_NAME)";
				TEST_TARGET_NAME = CustomPickerSingleComponent;
			};
			name = Release;
		};
/* End XCBuildConfiguration section */

/* Begin XCConfigurationList section */
		5222ED2A1CBCEA5D003E3806 /* Build configuration list for PBXProject "CustomPickerSingleComponent" */ = {
			isa = XCConfigurationList;
			buildConfigurations = (
				5222ED5A1CBCEA5D003E3806 /* Debug */,
				5222ED5B1CBCEA5D003E3806 /* Release */,
			);
			defaultConfigurationIsVisible = 0;
			defaultConfigurationName = Release;
		};
		5222ED5C1CBCEA5D003E3806 /* Build configuration list for PBXNativeTarget "CustomPickerSingleComponent" */ = {
			isa = XCConfigurationList;
			buildConfigurations = (
				5222ED5D1CBCEA5D003E3806 /* Debug */,
				5222ED5E1CBCEA5D003E3806 /* Release */,
			);
			defaultConfigurationIsVisible = 0;
		};
		5222ED5F1CBCEA5D003E3806 /* Build configuration list for PBXNativeTarget "CustomPickerSingleComponentTests" */ = {
			isa = XCConfigurationList;
			buildConfigurations = (
				5222ED601CBCEA5D003E3806 /* Debug */,
				5222ED611CBCEA5D003E3806 /* Release */,
			);
			defaultConfigurationIsVisible = 0;
		};
		5222ED621CBCEA5D003E3806 /* Build configuration list for PBXNativeTarget "CustomPickerSingleComponentUITests" */ = {
			isa = XCConfigurationList;
			buildConfigurations = (
				5222ED631CBCEA5D003E3806 /* Debug */,
				5222ED641CBCEA5D003E3806 /* Release */,
			);
			defaultConfigurationIsVisible = 0;
		};
/* End XCConfigurationList section */
	};
	rootObject = 5222ED271CBCEA5D003E3806 /* Project object */;
}
