// !$*UTF8*$!
{
	archiveVersion = 1;
	classes = {
	};
	objectVersion = 46;
	objects = {

/* Begin PBXBuildFile section */
		521BAA561D1CEEFD0024C75E /* CommLetterDetailsVc.m in Sources */ = {isa = PBXBuildFile; fileRef = 521BAA551D1CEEFD0024C75E /* CommLetterDetailsVc.m */; };
		521BAA591D1CF7980024C75E /* PrintCommLetterVC.m in Sources */ = {isa = PBXBuildFile; fileRef = 521BAA581D1CF7980024C75E /* PrintCommLetterVC.m */; };
		521BAA5C1D1CFE5E0024C75E /* EmployerCommLetterVc.m in Sources */ = {isa = PBXBuildFile; fileRef = 521BAA5B1D1CFE5E0024C75E /* EmployerCommLetterVc.m */; };
		52A71EBE1D115956008A2DB3 /* main.m in Sources */ = {isa = PBXBuildFile; fileRef = 52A71EBD1D115956008A2DB3 /* main.m */; };
		52A71EC11D115956008A2DB3 /* AppDelegate.m in Sources */ = {isa = PBXBuildFile; fileRef = 52A71EC01D115956008A2DB3 /* AppDelegate.m */; };
		52A71EC41D115956008A2DB3 /* ViewController.m in Sources */ = {isa = PBXBuildFile; fileRef = 52A71EC31D115956008A2DB3 /* ViewController.m */; };
		52A71EC71D115956008A2DB3 /* Main.storyboard in Resources */ = {isa = PBXBuildFile; fileRef = 52A71EC51D115956008A2DB3 /* Main.storyboard */; };
		52A71EC91D115956008A2DB3 /* Assets.xcassets in Resources */ = {isa = PBXBuildFile; fileRef = 52A71EC81D115956008A2DB3 /* Assets.xcassets */; };
		52A71ECC1D115956008A2DB3 /* LaunchScreen.storyboard in Resources */ = {isa = PBXBuildFile; fileRef = 52A71ECA1D115956008A2DB3 /* LaunchScreen.storyboard */; };
		52A71ED71D115956008A2DB3 /* AEExchangeTests.m in Sources */ = {isa = PBXBuildFile; fileRef = 52A71ED61D115956008A2DB3 /* AEExchangeTests.m */; };
		52A71EE21D115956008A2DB3 /* AEExchangeUITests.m in Sources */ = {isa = PBXBuildFile; fileRef = 52A71EE11D115956008A2DB3 /* AEExchangeUITests.m */; };
		52DCA3941D190AC50005E023 /* PensionSchemeVC.m in Sources */ = {isa = PBXBuildFile; fileRef = 52DCA3931D190AC50005E023 /* PensionSchemeVC.m */; };
		52DCDCF91D1287C600679178 /* HomeScreenViewController.m in Sources */ = {isa = PBXBuildFile; fileRef = 52DCDCF81D1287C600679178 /* HomeScreenViewController.m */; };
		52DCDCFC1D128BAF00679178 /* QuickAECaluclatorViewController.m in Sources */ = {isa = PBXBuildFile; fileRef = 52DCDCFB1D128BAF00679178 /* QuickAECaluclatorViewController.m */; };
		52DD70C91D1511A8009FE5D4 /* AEAssessmentResultVC.m in Sources */ = {isa = PBXBuildFile; fileRef = 52DD70C81D1511A8009FE5D4 /* AEAssessmentResultVC.m */; };
		601B250930164BB11CD2C54E /* libPods-AEExchangeUITests.a in Frameworks */ = {isa = PBXBuildFile; fileRef = 65475AAE55060C15193D3B84 /* libPods-AEExchangeUITests.a */; };
		7721749E0CBB02C65E36C605 /* libPods-AEExchange.a in Frameworks */ = {isa = PBXBuildFile; fileRef = A69B4FFF9DAC0CB20DFF923C /* libPods-AEExchange.a */; };
		8E5D6087A0D2CE52A7C95F06 /* libPods-AEExchangeTests.a in Frameworks */ = {isa = PBXBuildFile; fileRef = 9AF3E449622138D6A92756DF /* libPods-AEExchangeTests.a */; };
/* End PBXBuildFile section */

/* Begin PBXContainerItemProxy section */
		52A71ED31D115956008A2DB3 /* PBXContainerItemProxy */ = {
			isa = PBXContainerItemProxy;
			containerPortal = 52A71EB11D115956008A2DB3 /* Project object */;
			proxyType = 1;
			remoteGlobalIDString = 52A71EB81D115956008A2DB3;
			remoteInfo = AEExchange;
		};
		52A71EDE1D115956008A2DB3 /* PBXContainerItemProxy */ = {
			isa = PBXContainerItemProxy;
			containerPortal = 52A71EB11D115956008A2DB3 /* Project object */;
			proxyType = 1;
			remoteGlobalIDString = 52A71EB81D115956008A2DB3;
			remoteInfo = AEExchange;
		};
/* End PBXContainerItemProxy section */

/* Begin PBXFileReference section */
		1C89A248D5CCFBF322A2CBF2 /* Pods-AEExchangeUITests.release.xcconfig */ = {isa = PBXFileReference; includeInIndex = 1; lastKnownFileType = text.xcconfig; name = "Pods-AEExchangeUITests.release.xcconfig"; path = "Pods/Target Support Files/Pods-AEExchangeUITests/Pods-AEExchangeUITests.release.xcconfig"; sourceTree = "<group>"; };
		295F03E5FCF3AA33264D44FB /* Pods-AEExchangeTests.release.xcconfig */ = {isa = PBXFileReference; includeInIndex = 1; lastKnownFileType = text.xcconfig; name = "Pods-AEExchangeTests.release.xcconfig"; path = "Pods/Target Support Files/Pods-AEExchangeTests/Pods-AEExchangeTests.release.xcconfig"; sourceTree = "<group>"; };
		3462AFA31BBB67B87DC5FEB3 /* Pods-AEExchangeUITests.debug.xcconfig */ = {isa = PBXFileReference; includeInIndex = 1; lastKnownFileType = text.xcconfig; name = "Pods-AEExchangeUITests.debug.xcconfig"; path = "Pods/Target Support Files/Pods-AEExchangeUITests/Pods-AEExchangeUITests.debug.xcconfig"; sourceTree = "<group>"; };
		521BAA541D1CEEFD0024C75E /* CommLetterDetailsVc.h */ = {isa = PBXFileReference; fileEncoding = 4; lastKnownFileType = sourcecode.c.h; path = CommLetterDetailsVc.h; sourceTree = "<group>"; };
		521BAA551D1CEEFD0024C75E /* CommLetterDetailsVc.m */ = {isa = PBXFileReference; fileEncoding = 4; lastKnownFileType = sourcecode.c.objc; path = CommLetterDetailsVc.m; sourceTree = "<group>"; };
		521BAA571D1CF7980024C75E /* PrintCommLetterVC.h */ = {isa = PBXFileReference; fileEncoding = 4; lastKnownFileType = sourcecode.c.h; path = PrintCommLetterVC.h; sourceTree = "<group>"; };
		521BAA581D1CF7980024C75E /* PrintCommLetterVC.m */ = {isa = PBXFileReference; fileEncoding = 4; lastKnownFileType = sourcecode.c.objc; path = PrintCommLetterVC.m; sourceTree = "<group>"; };
		521BAA5A1D1CFE5E0024C75E /* EmployerCommLetterVc.h */ = {isa = PBXFileReference; fileEncoding = 4; lastKnownFileType = sourcecode.c.h; path = EmployerCommLetterVc.h; sourceTree = "<group>"; };
		521BAA5B1D1CFE5E0024C75E /* EmployerCommLetterVc.m */ = {isa = PBXFileReference; fileEncoding = 4; lastKnownFileType = sourcecode.c.objc; path = EmployerCommLetterVc.m; sourceTree = "<group>"; };
		52A71EB91D115956008A2DB3 /* AEExchange.app */ = {isa = PBXFileReference; explicitFileType = wrapper.application; includeInIndex = 0; path = AEExchange.app; sourceTree = BUILT_PRODUCTS_DIR; };
		52A71EBD1D115956008A2DB3 /* main.m */ = {isa = PBXFileReference; lastKnownFileType = sourcecode.c.objc; path = main.m; sourceTree = "<group>"; };
		52A71EBF1D115956008A2DB3 /* AppDelegate.h */ = {isa = PBXFileReference; lastKnownFileType = sourcecode.c.h; path = AppDelegate.h; sourceTree = "<group>"; };
		52A71EC01D115956008A2DB3 /* AppDelegate.m */ = {isa = PBXFileReference; lastKnownFileType = sourcecode.c.objc; path = AppDelegate.m; sourceTree = "<group>"; };
		52A71EC21D115956008A2DB3 /* ViewController.h */ = {isa = PBXFileReference; lastKnownFileType = sourcecode.c.h; path = ViewController.h; sourceTree = "<group>"; };
		52A71EC31D115956008A2DB3 /* ViewController.m */ = {isa = PBXFileReference; lastKnownFileType = sourcecode.c.objc; path = ViewController.m; sourceTree = "<group>"; };
		52A71EC61D115956008A2DB3 /* Base */ = {isa = PBXFileReference; lastKnownFileType = file.storyboard; name = Base; path = Base.lproj/Main.storyboard; sourceTree = "<group>"; };
		52A71EC81D115956008A2DB3 /* Assets.xcassets */ = {isa = PBXFileReference; lastKnownFileType = folder.assetcatalog; path = Assets.xcassets; sourceTree = "<group>"; };
		52A71ECB1D115956008A2DB3 /* Base */ = {isa = PBXFileReference; lastKnownFileType = file.storyboard; name = Base; path = Base.lproj/LaunchScreen.storyboard; sourceTree = "<group>"; };
		52A71ECD1D115956008A2DB3 /* Info.plist */ = {isa = PBXFileReference; lastKnownFileType = text.plist.xml; path = Info.plist; sourceTree = "<group>"; };
		52A71ED21D115956008A2DB3 /* AEExchangeTests.xctest */ = {isa = PBXFileReference; explicitFileType = wrapper.cfbundle; includeInIndex = 0; path = AEExchangeTests.xctest; sourceTree = BUILT_PRODUCTS_DIR; };
		52A71ED61D115956008A2DB3 /* AEExchangeTests.m */ = {isa = PBXFileReference; lastKnownFileType = sourcecode.c.objc; path = AEExchangeTests.m; sourceTree = "<group>"; };
		52A71ED81D115956008A2DB3 /* Info.plist */ = {isa = PBXFileReference; lastKnownFileType = text.plist.xml; path = Info.plist; sourceTree = "<group>"; };
		52A71EDD1D115956008A2DB3 /* AEExchangeUITests.xctest */ = {isa = PBXFileReference; explicitFileType = wrapper.cfbundle; includeInIndex = 0; path = AEExchangeUITests.xctest; sourceTree = BUILT_PRODUCTS_DIR; };
		52A71EE11D115956008A2DB3 /* AEExchangeUITests.m */ = {isa = PBXFileReference; lastKnownFileType = sourcecode.c.objc; path = AEExchangeUITests.m; sourceTree = "<group>"; };
		52A71EE31D115956008A2DB3 /* Info.plist */ = {isa = PBXFileReference; lastKnownFileType = text.plist.xml; path = Info.plist; sourceTree = "<group>"; };
		52DCA3921D190AC50005E023 /* PensionSchemeVC.h */ = {isa = PBXFileReference; fileEncoding = 4; lastKnownFileType = sourcecode.c.h; path = PensionSchemeVC.h; sourceTree = "<group>"; };
		52DCA3931D190AC50005E023 /* PensionSchemeVC.m */ = {isa = PBXFileReference; fileEncoding = 4; lastKnownFileType = sourcecode.c.objc; path = PensionSchemeVC.m; sourceTree = "<group>"; };
		52DCDCF71D1287C600679178 /* HomeScreenViewController.h */ = {isa = PBXFileReference; fileEncoding = 4; lastKnownFileType = sourcecode.c.h; path = HomeScreenViewController.h; sourceTree = "<group>"; };
		52DCDCF81D1287C600679178 /* HomeScreenViewController.m */ = {isa = PBXFileReference; fileEncoding = 4; lastKnownFileType = sourcecode.c.objc; path = HomeScreenViewController.m; sourceTree = "<group>"; };
		52DCDCFA1D128BAF00679178 /* QuickAECaluclatorViewController.h */ = {isa = PBXFileReference; fileEncoding = 4; lastKnownFileType = sourcecode.c.h; path = QuickAECaluclatorViewController.h; sourceTree = "<group>"; };
		52DCDCFB1D128BAF00679178 /* QuickAECaluclatorViewController.m */ = {isa = PBXFileReference; fileEncoding = 4; lastKnownFileType = sourcecode.c.objc; path = QuickAECaluclatorViewController.m; sourceTree = "<group>"; };
		52DD70C71D1511A8009FE5D4 /* AEAssessmentResultVC.h */ = {isa = PBXFileReference; fileEncoding = 4; lastKnownFileType = sourcecode.c.h; path = AEAssessmentResultVC.h; sourceTree = "<group>"; };
		52DD70C81D1511A8009FE5D4 /* AEAssessmentResultVC.m */ = {isa = PBXFileReference; fileEncoding = 4; lastKnownFileType = sourcecode.c.objc; path = AEAssessmentResultVC.m; sourceTree = "<group>"; };
		65475AAE55060C15193D3B84 /* libPods-AEExchangeUITests.a */ = {isa = PBXFileReference; explicitFileType = archive.ar; includeInIndex = 0; path = "libPods-AEExchangeUITests.a"; sourceTree = BUILT_PRODUCTS_DIR; };
		740C1B7B1211BD4E390DD78B /* Pods-AEExchangeTests.debug.xcconfig */ = {isa = PBXFileReference; includeInIndex = 1; lastKnownFileType = text.xcconfig; name = "Pods-AEExchangeTests.debug.xcconfig"; path = "Pods/Target Support Files/Pods-AEExchangeTests/Pods-AEExchangeTests.debug.xcconfig"; sourceTree = "<group>"; };
		7E3F1271B598815DF5036E01 /* Pods-AEExchange.release.xcconfig */ = {isa = PBXFileReference; includeInIndex = 1; lastKnownFileType = text.xcconfig; name = "Pods-AEExchange.release.xcconfig"; path = "Pods/Target Support Files/Pods-AEExchange/Pods-AEExchange.release.xcconfig"; sourceTree = "<group>"; };
		9AF3E449622138D6A92756DF /* libPods-AEExchangeTests.a */ = {isa = PBXFileReference; explicitFileType = archive.ar; includeInIndex = 0; path = "libPods-AEExchangeTests.a"; sourceTree = BUILT_PRODUCTS_DIR; };
		A69B4FFF9DAC0CB20DFF923C /* libPods-AEExchange.a */ = {isa = PBXFileReference; explicitFileType = archive.ar; includeInIndex = 0; path = "libPods-AEExchange.a"; sourceTree = BUILT_PRODUCTS_DIR; };
		DA057F393BF61C7465155404 /* Pods-AEExchange.debug.xcconfig */ = {isa = PBXFileReference; includeInIndex = 1; lastKnownFileType = text.xcconfig; name = "Pods-AEExchange.debug.xcconfig"; path = "Pods/Target Support Files/Pods-AEExchange/Pods-AEExchange.debug.xcconfig"; sourceTree = "<group>"; };
/* End PBXFileReference section */

/* Begin PBXFrameworksBuildPhase section */
		52A71EB61D115956008A2DB3 /* Frameworks */ = {
			isa = PBXFrameworksBuildPhase;
			buildActionMask = 2147483647;
			files = (
				7721749E0CBB02C65E36C605 /* libPods-AEExchange.a in Frameworks */,
			);
			runOnlyForDeploymentPostprocessing = 0;
		};
		52A71ECF1D115956008A2DB3 /* Frameworks */ = {
			isa = PBXFrameworksBuildPhase;
			buildActionMask = 2147483647;
			files = (
				8E5D6087A0D2CE52A7C95F06 /* libPods-AEExchangeTests.a in Frameworks */,
			);
			runOnlyForDeploymentPostprocessing = 0;
		};
		52A71EDA1D115956008A2DB3 /* Frameworks */ = {
			isa = PBXFrameworksBuildPhase;
			buildActionMask = 2147483647;
			files = (
				601B250930164BB11CD2C54E /* libPods-AEExchangeUITests.a in Frameworks */,
			);
			runOnlyForDeploymentPostprocessing = 0;
		};
/* End PBXFrameworksBuildPhase section */

/* Begin PBXGroup section */
		2D416BA449D275677C72368F /* Frameworks */ = {
			isa = PBXGroup;
			children = (
				A69B4FFF9DAC0CB20DFF923C /* libPods-AEExchange.a */,
				9AF3E449622138D6A92756DF /* libPods-AEExchangeTests.a */,
				65475AAE55060C15193D3B84 /* libPods-AEExchangeUITests.a */,
			);
			name = Frameworks;
			sourceTree = "<group>";
		};
		52A71EB01D115956008A2DB3 = {
			isa = PBXGroup;
			children = (
				52A71EBB1D115956008A2DB3 /* AEExchange */,
				52A71ED51D115956008A2DB3 /* AEExchangeTests */,
				52A71EE01D115956008A2DB3 /* AEExchangeUITests */,
				52A71EBA1D115956008A2DB3 /* Products */,
				E259B1148210F94DC17D99E1 /* Pods */,
				2D416BA449D275677C72368F /* Frameworks */,
			);
			sourceTree = "<group>";
		};
		52A71EBA1D115956008A2DB3 /* Products */ = {
			isa = PBXGroup;
			children = (
				52A71EB91D115956008A2DB3 /* AEExchange.app */,
				52A71ED21D115956008A2DB3 /* AEExchangeTests.xctest */,
				52A71EDD1D115956008A2DB3 /* AEExchangeUITests.xctest */,
			);
			name = Products;
			sourceTree = "<group>";
		};
		52A71EBB1D115956008A2DB3 /* AEExchange */ = {
			isa = PBXGroup;
			children = (
				52A71EBF1D115956008A2DB3 /* AppDelegate.h */,
				52A71EC01D115956008A2DB3 /* AppDelegate.m */,
				52A71EC21D115956008A2DB3 /* ViewController.h */,
				52A71EC31D115956008A2DB3 /* ViewController.m */,
				52A71EC51D115956008A2DB3 /* Main.storyboard */,
				52A71EC81D115956008A2DB3 /* Assets.xcassets */,
				52A71ECA1D115956008A2DB3 /* LaunchScreen.storyboard */,
				52A71ECD1D115956008A2DB3 /* Info.plist */,
				52A71EBC1D115956008A2DB3 /* Supporting Files */,
				52DCDCF71D1287C600679178 /* HomeScreenViewController.h */,
				52DCDCF81D1287C600679178 /* HomeScreenViewController.m */,
				52DCDCFA1D128BAF00679178 /* QuickAECaluclatorViewController.h */,
				52DCDCFB1D128BAF00679178 /* QuickAECaluclatorViewController.m */,
				52DD70C71D1511A8009FE5D4 /* AEAssessmentResultVC.h */,
				52DD70C81D1511A8009FE5D4 /* AEAssessmentResultVC.m */,
				52DCA3921D190AC50005E023 /* PensionSchemeVC.h */,
				52DCA3931D190AC50005E023 /* PensionSchemeVC.m */,
				521BAA541D1CEEFD0024C75E /* CommLetterDetailsVc.h */,
				521BAA551D1CEEFD0024C75E /* CommLetterDetailsVc.m */,
				521BAA571D1CF7980024C75E /* PrintCommLetterVC.h */,
				521BAA581D1CF7980024C75E /* PrintCommLetterVC.m */,
				521BAA5A1D1CFE5E0024C75E /* EmployerCommLetterVc.h */,
				521BAA5B1D1CFE5E0024C75E /* EmployerCommLetterVc.m */,
			);
			path = AEExchange;
			sourceTree = "<group>";
		};
		52A71EBC1D115956008A2DB3 /* Supporting Files */ = {
			isa = PBXGroup;
			children = (
				52A71EBD1D115956008A2DB3 /* main.m */,
			);
			name = "Supporting Files";
			sourceTree = "<group>";
		};
		52A71ED51D115956008A2DB3 /* AEExchangeTests */ = {
			isa = PBXGroup;
			children = (
				52A71ED61D115956008A2DB3 /* AEExchangeTests.m */,
				52A71ED81D115956008A2DB3 /* Info.plist */,
			);
			path = AEExchangeTests;
			sourceTree = "<group>";
		};
		52A71EE01D115956008A2DB3 /* AEExchangeUITests */ = {
			isa = PBXGroup;
			children = (
				52A71EE11D115956008A2DB3 /* AEExchangeUITests.m */,
				52A71EE31D115956008A2DB3 /* Info.plist */,
			);
			path = AEExchangeUITests;
			sourceTree = "<group>";
		};
		E259B1148210F94DC17D99E1 /* Pods */ = {
			isa = PBXGroup;
			children = (
				DA057F393BF61C7465155404 /* Pods-AEExchange.debug.xcconfig */,
				7E3F1271B598815DF5036E01 /* Pods-AEExchange.release.xcconfig */,
				740C1B7B1211BD4E390DD78B /* Pods-AEExchangeTests.debug.xcconfig */,
				295F03E5FCF3AA33264D44FB /* Pods-AEExchangeTests.release.xcconfig */,
				3462AFA31BBB67B87DC5FEB3 /* Pods-AEExchangeUITests.debug.xcconfig */,
				1C89A248D5CCFBF322A2CBF2 /* Pods-AEExchangeUITests.release.xcconfig */,
			);
			name = Pods;
			sourceTree = "<group>";
		};
/* End PBXGroup section */

/* Begin PBXNativeTarget section */
		52A71EB81D115956008A2DB3 /* AEExchange */ = {
			isa = PBXNativeTarget;
			buildConfigurationList = 52A71EE61D115956008A2DB3 /* Build configuration list for PBXNativeTarget "AEExchange" */;
			buildPhases = (
				B04B5DF78F0D0AC2D5C3A183 /* 📦 Check Pods Manifest.lock */,
				52A71EB51D115956008A2DB3 /* Sources */,
				52A71EB61D115956008A2DB3 /* Frameworks */,
				52A71EB71D115956008A2DB3 /* Resources */,
				D4CBF66E87D953CF707938CD /* 📦 Embed Pods Frameworks */,
				7F47C766F717CBA23F596FB0 /* 📦 Copy Pods Resources */,
			);
			buildRules = (
			);
			dependencies = (
			);
			name = AEExchange;
			productName = AEExchange;
			productReference = 52A71EB91D115956008A2DB3 /* AEExchange.app */;
			productType = "com.apple.product-type.application";
		};
		52A71ED11D115956008A2DB3 /* AEExchangeTests */ = {
			isa = PBXNativeTarget;
			buildConfigurationList = 52A71EE91D115956008A2DB3 /* Build configuration list for PBXNativeTarget "AEExchangeTests" */;
			buildPhases = (
				A211BDB3D93D344F1F07D92D /* 📦 Check Pods Manifest.lock */,
				52A71ECE1D115956008A2DB3 /* Sources */,
				52A71ECF1D115956008A2DB3 /* Frameworks */,
				52A71ED01D115956008A2DB3 /* Resources */,
				6C3867E433E5AAA517C3C651 /* 📦 Embed Pods Frameworks */,
				6CBC4317E7A54B96CDF3EEE3 /* 📦 Copy Pods Resources */,
			);
			buildRules = (
			);
			dependencies = (
				52A71ED41D115956008A2DB3 /* PBXTargetDependency */,
			);
			name = AEExchangeTests;
			productName = AEExchangeTests;
			productReference = 52A71ED21D115956008A2DB3 /* AEExchangeTests.xctest */;
			productType = "com.apple.product-type.bundle.unit-test";
		};
		52A71EDC1D115956008A2DB3 /* AEExchangeUITests */ = {
			isa = PBXNativeTarget;
			buildConfigurationList = 52A71EEC1D115956008A2DB3 /* Build configuration list for PBXNativeTarget "AEExchangeUITests" */;
			buildPhases = (
				0F1E5C561BBEC16D1A4CE37D /* 📦 Check Pods Manifest.lock */,
				52A71ED91D115956008A2DB3 /* Sources */,
				52A71EDA1D115956008A2DB3 /* Frameworks */,
				52A71EDB1D115956008A2DB3 /* Resources */,
				83D36AFA77DE8E44A7494BC0 /* 📦 Copy Pods Resources */,
			);
			buildRules = (
			);
			dependencies = (
				52A71EDF1D115956008A2DB3 /* PBXTargetDependency */,
			);
			name = AEExchangeUITests;
			productName = AEExchangeUITests;
			productReference = 52A71EDD1D115956008A2DB3 /* AEExchangeUITests.xctest */;
			productType = "com.apple.product-type.bundle.ui-testing";
		};
/* End PBXNativeTarget section */

/* Begin PBXProject section */
		52A71EB11D115956008A2DB3 /* Project object */ = {
			isa = PBXProject;
			attributes = {
				LastUpgradeCheck = 0730;
				ORGANIZATIONNAME = NeoRays;
				TargetAttributes = {
					52A71EB81D115956008A2DB3 = {
						CreatedOnToolsVersion = 7.3.1;
					};
					52A71ED11D115956008A2DB3 = {
						CreatedOnToolsVersion = 7.3.1;
						TestTargetID = 52A71EB81D115956008A2DB3;
					};
					52A71EDC1D115956008A2DB3 = {
						CreatedOnToolsVersion = 7.3.1;
						TestTargetID = 52A71EB81D115956008A2DB3;
					};
				};
			};
			buildConfigurationList = 52A71EB41D115956008A2DB3 /* Build configuration list for PBXProject "AEExchange" */;
			compatibilityVersion = "Xcode 3.2";
			developmentRegion = English;
			hasScannedForEncodings = 0;
			knownRegions = (
				en,
				Base,
			);
			mainGroup = 52A71EB01D115956008A2DB3;
			productRefGroup = 52A71EBA1D115956008A2DB3 /* Products */;
			projectDirPath = "";
			projectRoot = "";
			targets = (
				52A71EB81D115956008A2DB3 /* AEExchange */,
				52A71ED11D115956008A2DB3 /* AEExchangeTests */,
				52A71EDC1D115956008A2DB3 /* AEExchangeUITests */,
			);
		};
/* End PBXProject section */

/* Begin PBXResourcesBuildPhase section */
		52A71EB71D115956008A2DB3 /* Resources */ = {
			isa = PBXResourcesBuildPhase;
			buildActionMask = 2147483647;
			files = (
				52A71ECC1D115956008A2DB3 /* LaunchScreen.storyboard in Resources */,
				52A71EC91D115956008A2DB3 /* Assets.xcassets in Resources */,
				52A71EC71D115956008A2DB3 /* Main.storyboard in Resources */,
			);
			runOnlyForDeploymentPostprocessing = 0;
		};
		52A71ED01D115956008A2DB3 /* Resources */ = {
			isa = PBXResourcesBuildPhase;
			buildActionMask = 2147483647;
			files = (
			);
			runOnlyForDeploymentPostprocessing = 0;
		};
		52A71EDB1D115956008A2DB3 /* Resources */ = {
			isa = PBXResourcesBuildPhase;
			buildActionMask = 2147483647;
			files = (
			);
			runOnlyForDeploymentPostprocessing = 0;
		};
/* End PBXResourcesBuildPhase section */

/* Begin PBXShellScriptBuildPhase section */
		0F1E5C561BBEC16D1A4CE37D /* 📦 Check Pods Manifest.lock */ = {
			isa = PBXShellScriptBuildPhase;
			buildActionMask = 2147483647;
			files = (
			);
			inputPaths = (
			);
			name = "📦 Check Pods Manifest.lock";
			outputPaths = (
			);
			runOnlyForDeploymentPostprocessing = 0;
			shellPath = /bin/sh;
			shellScript = "diff \"${PODS_ROOT}/../Podfile.lock\" \"${PODS_ROOT}/Manifest.lock\" > /dev/null\nif [[ $? != 0 ]] ; then\n    cat << EOM\nerror: The sandbox is not in sync with the Podfile.lock. Run 'pod install' or update your CocoaPods installation.\nEOM\n    exit 1\nfi\n";
			showEnvVarsInLog = 0;
		};
		6C3867E433E5AAA517C3C651 /* 📦 Embed Pods Frameworks */ = {
			isa = PBXShellScriptBuildPhase;
			buildActionMask = 2147483647;
			files = (
			);
			inputPaths = (
			);
			name = "📦 Embed Pods Frameworks";
			outputPaths = (
			);
			runOnlyForDeploymentPostprocessing = 0;
			shellPath = /bin/sh;
			shellScript = "\"${SRCROOT}/Pods/Target Support Files/Pods-AEExchangeTests/Pods-AEExchangeTests-frameworks.sh\"\n";
			showEnvVarsInLog = 0;
		};
		6CBC4317E7A54B96CDF3EEE3 /* 📦 Copy Pods Resources */ = {
			isa = PBXShellScriptBuildPhase;
			buildActionMask = 2147483647;
			files = (
			);
			inputPaths = (
			);
			name = "📦 Copy Pods Resources";
			outputPaths = (
			);
			runOnlyForDeploymentPostprocessing = 0;
			shellPath = /bin/sh;
			shellScript = "\"${SRCROOT}/Pods/Target Support Files/Pods-AEExchangeTests/Pods-AEExchangeTests-resources.sh\"\n";
			showEnvVarsInLog = 0;
		};
		7F47C766F717CBA23F596FB0 /* 📦 Copy Pods Resources */ = {
			isa = PBXShellScriptBuildPhase;
			buildActionMask = 2147483647;
			files = (
			);
			inputPaths = (
			);
			name = "📦 Copy Pods Resources";
			outputPaths = (
			);
			runOnlyForDeploymentPostprocessing = 0;
			shellPath = /bin/sh;
			shellScript = "\"${SRCROOT}/Pods/Target Support Files/Pods-AEExchange/Pods-AEExchange-resources.sh\"\n";
			showEnvVarsInLog = 0;
		};
		83D36AFA77DE8E44A7494BC0 /* 📦 Copy Pods Resources */ = {
			isa = PBXShellScriptBuildPhase;
			buildActionMask = 2147483647;
			files = (
			);
			inputPaths = (
			);
			name = "📦 Copy Pods Resources";
			outputPaths = (
			);
			runOnlyForDeploymentPostprocessing = 0;
			shellPath = /bin/sh;
			shellScript = "\"${SRCROOT}/Pods/Target Support Files/Pods-AEExchangeUITests/Pods-AEExchangeUITests-resources.sh\"\n";
			showEnvVarsInLog = 0;
		};
		A211BDB3D93D344F1F07D92D /* 📦 Check Pods Manifest.lock */ = {
			isa = PBXShellScriptBuildPhase;
			buildActionMask = 2147483647;
			files = (
			);
			inputPaths = (
			);
			name = "📦 Check Pods Manifest.lock";
			outputPaths = (
			);
			runOnlyForDeploymentPostprocessing = 0;
			shellPath = /bin/sh;
			shellScript = "diff \"${PODS_ROOT}/../Podfile.lock\" \"${PODS_ROOT}/Manifest.lock\" > /dev/null\nif [[ $? != 0 ]] ; then\n    cat << EOM\nerror: The sandbox is not in sync with the Podfile.lock. Run 'pod install' or update your CocoaPods installation.\nEOM\n    exit 1\nfi\n";
			showEnvVarsInLog = 0;
		};
		B04B5DF78F0D0AC2D5C3A183 /* 📦 Check Pods Manifest.lock */ = {
			isa = PBXShellScriptBuildPhase;
			buildActionMask = 2147483647;
			files = (
			);
			inputPaths = (
			);
			name = "📦 Check Pods Manifest.lock";
			outputPaths = (
			);
			runOnlyForDeploymentPostprocessing = 0;
			shellPath = /bin/sh;
			shellScript = "diff \"${PODS_ROOT}/../Podfile.lock\" \"${PODS_ROOT}/Manifest.lock\" > /dev/null\nif [[ $? != 0 ]] ; then\n    cat << EOM\nerror: The sandbox is not in sync with the Podfile.lock. Run 'pod install' or update your CocoaPods installation.\nEOM\n    exit 1\nfi\n";
			showEnvVarsInLog = 0;
		};
		D4CBF66E87D953CF707938CD /* 📦 Embed Pods Frameworks */ = {
			isa = PBXShellScriptBuildPhase;
			buildActionMask = 2147483647;
			files = (
			);
			inputPaths = (
			);
			name = "📦 Embed Pods Frameworks";
			outputPaths = (
			);
			runOnlyForDeploymentPostprocessing = 0;
			shellPath = /bin/sh;
			shellScript = "\"${SRCROOT}/Pods/Target Support Files/Pods-AEExchange/Pods-AEExchange-frameworks.sh\"\n";
			showEnvVarsInLog = 0;
		};
/* End PBXShellScriptBuildPhase section */

/* Begin PBXSourcesBuildPhase section */
		52A71EB51D115956008A2DB3 /* Sources */ = {
			isa = PBXSourcesBuildPhase;
			buildActionMask = 2147483647;
			files = (
				52A71EC41D115956008A2DB3 /* ViewController.m in Sources */,
				52DCDCF91D1287C600679178 /* HomeScreenViewController.m in Sources */,
				52DCDCFC1D128BAF00679178 /* QuickAECaluclatorViewController.m in Sources */,
				521BAA5C1D1CFE5E0024C75E /* EmployerCommLetterVc.m in Sources */,
				521BAA561D1CEEFD0024C75E /* CommLetterDetailsVc.m in Sources */,
				52DCA3941D190AC50005E023 /* PensionSchemeVC.m in Sources */,
				52DD70C91D1511A8009FE5D4 /* AEAssessmentResultVC.m in Sources */,
				52A71EC11D115956008A2DB3 /* AppDelegate.m in Sources */,
				521BAA591D1CF7980024C75E /* PrintCommLetterVC.m in Sources */,
				52A71EBE1D115956008A2DB3 /* main.m in Sources */,
			);
			runOnlyForDeploymentPostprocessing = 0;
		};
		52A71ECE1D115956008A2DB3 /* Sources */ = {
			isa = PBXSourcesBuildPhase;
			buildActionMask = 2147483647;
			files = (
				52A71ED71D115956008A2DB3 /* AEExchangeTests.m in Sources */,
			);
			runOnlyForDeploymentPostprocessing = 0;
		};
		52A71ED91D115956008A2DB3 /* Sources */ = {
			isa = PBXSourcesBuildPhase;
			buildActionMask = 2147483647;
			files = (
				52A71EE21D115956008A2DB3 /* AEExchangeUITests.m in Sources */,
			);
			runOnlyForDeploymentPostprocessing = 0;
		};
/* End PBXSourcesBuildPhase section */

/* Begin PBXTargetDependency section */
		52A71ED41D115956008A2DB3 /* PBXTargetDependency */ = {
			isa = PBXTargetDependency;
			target = 52A71EB81D115956008A2DB3 /* AEExchange */;
			targetProxy = 52A71ED31D115956008A2DB3 /* PBXContainerItemProxy */;
		};
		52A71EDF1D115956008A2DB3 /* PBXTargetDependency */ = {
			isa = PBXTargetDependency;
			target = 52A71EB81D115956008A2DB3 /* AEExchange */;
			targetProxy = 52A71EDE1D115956008A2DB3 /* PBXContainerItemProxy */;
		};
/* End PBXTargetDependency section */

/* Begin PBXVariantGroup section */
		52A71EC51D115956008A2DB3 /* Main.storyboard */ = {
			isa = PBXVariantGroup;
			children = (
				52A71EC61D115956008A2DB3 /* Base */,
			);
			name = Main.storyboard;
			sourceTree = "<group>";
		};
		52A71ECA1D115956008A2DB3 /* LaunchScreen.storyboard */ = {
			isa = PBXVariantGroup;
			children = (
				52A71ECB1D115956008A2DB3 /* Base */,
			);
			name = LaunchScreen.storyboard;
			sourceTree = "<group>";
		};
/* End PBXVariantGroup section */

/* Begin XCBuildConfiguration section */
		52A71EE41D115956008A2DB3 /* Debug */ = {
			isa = XCBuildConfiguration;
			buildSettings = {
				ALWAYS_SEARCH_USER_PATHS = NO;
				CLANG_ANALYZER_NONNULL = YES;
				CLANG_CXX_LANGUAGE_STANDARD = "gnu++0x";
				CLANG_CXX_LIBRARY = "libc++";
				CLANG_ENABLE_MODULES = YES;
				CLANG_ENABLE_OBJC_ARC = YES;
				CLANG_WARN_BOOL_CONVERSION = YES;
				CLANG_WARN_CONSTANT_CONVERSION = YES;
				CLANG_WARN_DIRECT_OBJC_ISA_USAGE = YES_ERROR;
				CLANG_WARN_EMPTY_BODY = YES;
				CLANG_WARN_ENUM_CONVERSION = YES;
				CLANG_WARN_INT_CONVERSION = YES;
				CLANG_WARN_OBJC_ROOT_CLASS = YES_ERROR;
				CLANG_WARN_UNREACHABLE_CODE = YES;
				CLANG_WARN__DUPLICATE_METHOD_MATCH = YES;
				"CODE_SIGN_IDENTITY[sdk=iphoneos*]" = "iPhone Developer";
				COPY_PHASE_STRIP = NO;
				DEBUG_INFORMATION_FORMAT = dwarf;
				ENABLE_STRICT_OBJC_MSGSEND = YES;
				ENABLE_TESTABILITY = YES;
				GCC_C_LANGUAGE_STANDARD = gnu99;
				GCC_DYNAMIC_NO_PIC = NO;
				GCC_NO_COMMON_BLOCKS = YES;
				GCC_OPTIMIZATION_LEVEL = 0;
				GCC_PREPROCESSOR_DEFINITIONS = (
					"DEBUG=1",
					"$(inherited)",
				);
				GCC_WARN_64_TO_32_BIT_CONVERSION = YES;
				GCC_WARN_ABOUT_RETURN_TYPE = YES_ERROR;
				GCC_WARN_UNDECLARED_SELECTOR = YES;
				GCC_WARN_UNINITIALIZED_AUTOS = YES_AGGRESSIVE;
				GCC_WARN_UNUSED_FUNCTION = YES;
				GCC_WARN_UNUSED_VARIABLE = YES;
				IPHONEOS_DEPLOYMENT_TARGET = 9.3;
				MTL_ENABLE_DEBUG_INFO = YES;
				ONLY_ACTIVE_ARCH = YES;
				SDKROOT = iphoneos;
				TARGETED_DEVICE_FAMILY = "1,2";
			};
			name = Debug;
		};
		52A71EE51D115956008A2DB3 /* Release */ = {
			isa = XCBuildConfiguration;
			buildSettings = {
				ALWAYS_SEARCH_USER_PATHS = NO;
				CLANG_ANALYZER_NONNULL = YES;
				CLANG_CXX_LANGUAGE_STANDARD = "gnu++0x";
				CLANG_CXX_LIBRARY = "libc++";
				CLANG_ENABLE_MODULES = YES;
				CLANG_ENABLE_OBJC_ARC = YES;
				CLANG_WARN_BOOL_CONVERSION = YES;
				CLANG_WARN_CONSTANT_CONVERSION = YES;
				CLANG_WARN_DIRECT_OBJC_ISA_USAGE = YES_ERROR;
				CLANG_WARN_EMPTY_BODY = YES;
				CLANG_WARN_ENUM_CONVERSION = YES;
				CLANG_WARN_INT_CONVERSION = YES;
				CLANG_WARN_OBJC_ROOT_CLASS = YES_ERROR;
				CLANG_WARN_UNREACHABLE_CODE = YES;
				CLANG_WARN__DUPLICATE_METHOD_MATCH = YES;
				"CODE_SIGN_IDENTITY[sdk=iphoneos*]" = "iPhone Developer";
				COPY_PHASE_STRIP = NO;
				DEBUG_INFORMATION_FORMAT = "dwarf-with-dsym";
				ENABLE_NS_ASSERTIONS = NO;
				ENABLE_STRICT_OBJC_MSGSEND = YES;
				GCC_C_LANGUAGE_STANDARD = gnu99;
				GCC_NO_COMMON_BLOCKS = YES;
				GCC_WARN_64_TO_32_BIT_CONVERSION = YES;
				GCC_WARN_ABOUT_RETURN_TYPE = YES_ERROR;
				GCC_WARN_UNDECLARED_SELECTOR = YES;
				GCC_WARN_UNINITIALIZED_AUTOS = YES_AGGRESSIVE;
				GCC_WARN_UNUSED_FUNCTION = YES;
				GCC_WARN_UNUSED_VARIABLE = YES;
				IPHONEOS_DEPLOYMENT_TARGET = 9.3;
				MTL_ENABLE_DEBUG_INFO = NO;
				SDKROOT = iphoneos;
				TARGETED_DEVICE_FAMILY = "1,2";
				VALIDATE_PRODUCT = YES;
			};
			name = Release;
		};
		52A71EE71D115956008A2DB3 /* Debug */ = {
			isa = XCBuildConfiguration;
			baseConfigurationReference = DA057F393BF61C7465155404 /* Pods-AEExchange.debug.xcconfig */;
			buildSettings = {
				ASSETCATALOG_COMPILER_APPICON_NAME = AppIcon;
				INFOPLIST_FILE = AEExchange/Info.plist;
				LD_RUNPATH_SEARCH_PATHS = "$(inherited) @executable_path/Frameworks";
				PRODUCT_BUNDLE_IDENTIFIER = harish.AEExchange;
				PRODUCT_NAME = "$(TARGET_NAME)";
			};
			name = Debug;
		};
		52A71EE81D115956008A2DB3 /* Release */ = {
			isa = XCBuildConfiguration;
			baseConfigurationReference = 7E3F1271B598815DF5036E01 /* Pods-AEExchange.release.xcconfig */;
			buildSettings = {
				ASSETCATALOG_COMPILER_APPICON_NAME = AppIcon;
				INFOPLIST_FILE = AEExchange/Info.plist;
				LD_RUNPATH_SEARCH_PATHS = "$(inherited) @executable_path/Frameworks";
				PRODUCT_BUNDLE_IDENTIFIER = harish.AEExchange;
				PRODUCT_NAME = "$(TARGET_NAME)";
			};
			name = Release;
		};
		52A71EEA1D115956008A2DB3 /* Debug */ = {
			isa = XCBuildConfiguration;
			baseConfigurationReference = 740C1B7B1211BD4E390DD78B /* Pods-AEExchangeTests.debug.xcconfig */;
			buildSettings = {
				BUNDLE_LOADER = "$(TEST_HOST)";
				INFOPLIST_FILE = AEExchangeTests/Info.plist;
				LD_RUNPATH_SEARCH_PATHS = "$(inherited) @executable_path/Frameworks @loader_path/Frameworks";
				PRODUCT_BUNDLE_IDENTIFIER = harish.AEExchangeTests;
				PRODUCT_NAME = "$(TARGET_NAME)";
				TEST_HOST = "$(BUILT_PRODUCTS_DIR)/AEExchange.app/AEExchange";
			};
			name = Debug;
		};
		52A71EEB1D115956008A2DB3 /* Release */ = {
			isa = XCBuildConfiguration;
			baseConfigurationReference = 295F03E5FCF3AA33264D44FB /* Pods-AEExchangeTests.release.xcconfig */;
			buildSettings = {
				BUNDLE_LOADER = "$(TEST_HOST)";
				INFOPLIST_FILE = AEExchangeTests/Info.plist;
				LD_RUNPATH_SEARCH_PATHS = "$(inherited) @executable_path/Frameworks @loader_path/Frameworks";
				PRODUCT_BUNDLE_IDENTIFIER = harish.AEExchangeTests;
				PRODUCT_NAME = "$(TARGET_NAME)";
				TEST_HOST = "$(BUILT_PRODUCTS_DIR)/AEExchange.app/AEExchange";
			};
			name = Release;
		};
		52A71EED1D115956008A2DB3 /* Debug */ = {
			isa = XCBuildConfiguration;
			baseConfigurationReference = 3462AFA31BBB67B87DC5FEB3 /* Pods-AEExchangeUITests.debug.xcconfig */;
			buildSettings = {
				INFOPLIST_FILE = AEExchangeUITests/Info.plist;
				LD_RUNPATH_SEARCH_PATHS = "$(inherited) @executable_path/Frameworks @loader_path/Frameworks";
				PRODUCT_BUNDLE_IDENTIFIER = harish.AEExchangeUITests;
				PRODUCT_NAME = "$(TARGET_NAME)";
				TEST_TARGET_NAME = AEExchange;
			};
			name = Debug;
		};
		52A71EEE1D115956008A2DB3 /* Release */ = {
			isa = XCBuildConfiguration;
			baseConfigurationReference = 1C89A248D5CCFBF322A2CBF2 /* Pods-AEExchangeUITests.release.xcconfig */;
			buildSettings = {
				INFOPLIST_FILE = AEExchangeUITests/Info.plist;
				LD_RUNPATH_SEARCH_PATHS = "$(inherited) @executable_path/Frameworks @loader_path/Frameworks";
				PRODUCT_BUNDLE_IDENTIFIER = harish.AEExchangeUITests;
				PRODUCT_NAME = "$(TARGET_NAME)";
				TEST_TARGET_NAME = AEExchange;
			};
			name = Release;
		};
/* End XCBuildConfiguration section */

/* Begin XCConfigurationList section */
		52A71EB41D115956008A2DB3 /* Build configuration list for PBXProject "AEExchange" */ = {
			isa = XCConfigurationList;
			buildConfigurations = (
				52A71EE41D115956008A2DB3 /* Debug */,
				52A71EE51D115956008A2DB3 /* Release */,
			);
			defaultConfigurationIsVisible = 0;
			defaultConfigurationName = Release;
		};
		52A71EE61D115956008A2DB3 /* Build configuration list for PBXNativeTarget "AEExchange" */ = {
			isa = XCConfigurationList;
			buildConfigurations = (
				52A71EE71D115956008A2DB3 /* Debug */,
				52A71EE81D115956008A2DB3 /* Release */,
			);
			defaultConfigurationIsVisible = 0;
			defaultConfigurationName = Release;
		};
		52A71EE91D115956008A2DB3 /* Build configuration list for PBXNativeTarget "AEExchangeTests" */ = {
			isa = XCConfigurationList;
			buildConfigurations = (
				52A71EEA1D115956008A2DB3 /* Debug */,
				52A71EEB1D115956008A2DB3 /* Release */,
			);
			defaultConfigurationIsVisible = 0;
			defaultConfigurationName = Release;
		};
		52A71EEC1D115956008A2DB3 /* Build configuration list for PBXNativeTarget "AEExchangeUITests" */ = {
			isa = XCConfigurationList;
			buildConfigurations = (
				52A71EED1D115956008A2DB3 /* Debug */,
				52A71EEE1D115956008A2DB3 /* Release */,
			);
			defaultConfigurationIsVisible = 0;
			defaultConfigurationName = Release;
		};
/* End XCConfigurationList section */
	};
	rootObject = 52A71EB11D115956008A2DB3 /* Project object */;
}
