// !$*UTF8*$!
{
	archiveVersion = 1;
	classes = {
	};
	objectVersion = 46;
	objects = {

/* Begin PBXBuildFile section */
		5220BB971CBB690C00372CB8 /* main.m in Sources */ = {isa = PBXBuildFile; fileRef = 5220BB961CBB690C00372CB8 /* main.m */; };
		5220BB9A1CBB690C00372CB8 /* AppDelegate.m in Sources */ = {isa = PBXBuildFile; fileRef = 5220BB991CBB690C00372CB8 /* AppDelegate.m */; };
		5220BB9D1CBB690C00372CB8 /* ViewController.m in Sources */ = {isa = PBXBuildFile; fileRef = 5220BB9C1CBB690C00372CB8 /* ViewController.m */; };
		5220BBA01CBB690C00372CB8 /* Main.storyboard in Resources */ = {isa = PBXBuildFile; fileRef = 5220BB9E1CBB690C00372CB8 /* Main.storyboard */; };
		5220BBA21CBB690C00372CB8 /* Assets.xcassets in Resources */ = {isa = PBXBuildFile; fileRef = 5220BBA11CBB690C00372CB8 /* Assets.xcassets */; };
		5220BBA51CBB690C00372CB8 /* LaunchScreen.storyboard in Resources */ = {isa = PBXBuildFile; fileRef = 5220BBA31CBB690C00372CB8 /* LaunchScreen.storyboard */; };
		5220BBB01CBB690D00372CB8 /* NSDatePickerDemoTests.m in Sources */ = {isa = PBXBuildFile; fileRef = 5220BBAF1CBB690D00372CB8 /* NSDatePickerDemoTests.m */; };
		5220BBBB1CBB690D00372CB8 /* NSDatePickerDemoUITests.m in Sources */ = {isa = PBXBuildFile; fileRef = 5220BBBA1CBB690D00372CB8 /* NSDatePickerDemoUITests.m */; };
/* End PBXBuildFile section */

/* Begin PBXContainerItemProxy section */
		5220BBAC1CBB690D00372CB8 /* PBXContainerItemProxy */ = {
			isa = PBXContainerItemProxy;
			containerPortal = 5220BB8A1CBB690C00372CB8 /* Project object */;
			proxyType = 1;
			remoteGlobalIDString = 5220BB911CBB690C00372CB8;
			remoteInfo = NSDatePickerDemo;
		};
		5220BBB71CBB690D00372CB8 /* PBXContainerItemProxy */ = {
			isa = PBXContainerItemProxy;
			containerPortal = 5220BB8A1CBB690C00372CB8 /* Project object */;
			proxyType = 1;
			remoteGlobalIDString = 5220BB911CBB690C00372CB8;
			remoteInfo = NSDatePickerDemo;
		};
/* End PBXContainerItemProxy section */

/* Begin PBXFileReference section */
		5220BB921CBB690C00372CB8 /* NSDatePickerDemo.app */ = {isa = PBXFileReference; explicitFileType = wrapper.application; includeInIndex = 0; path = NSDatePickerDemo.app; sourceTree = BUILT_PRODUCTS_DIR; };
		5220BB961CBB690C00372CB8 /* main.m */ = {isa = PBXFileReference; lastKnownFileType = sourcecode.c.objc; path = main.m; sourceTree = "<group>"; };
		5220BB981CBB690C00372CB8 /* AppDelegate.h */ = {isa = PBXFileReference; lastKnownFileType = sourcecode.c.h; path = AppDelegate.h; sourceTree = "<group>"; };
		5220BB991CBB690C00372CB8 /* AppDelegate.m */ = {isa = PBXFileReference; lastKnownFileType = sourcecode.c.objc; path = AppDelegate.m; sourceTree = "<group>"; };
		5220BB9B1CBB690C00372CB8 /* ViewController.h */ = {isa = PBXFileReference; lastKnownFileType = sourcecode.c.h; path = ViewController.h; sourceTree = "<group>"; };
		5220BB9C1CBB690C00372CB8 /* ViewController.m */ = {isa = PBXFileReference; lastKnownFileType = sourcecode.c.objc; path = ViewController.m; sourceTree = "<group>"; };
		5220BB9F1CBB690C00372CB8 /* Base */ = {isa = PBXFileReference; lastKnownFileType = file.storyboard; name = Base; path = Base.lproj/Main.storyboard; sourceTree = "<group>"; };
		5220BBA11CBB690C00372CB8 /* Assets.xcassets */ = {isa = PBXFileReference; lastKnownFileType = folder.assetcatalog; path = Assets.xcassets; sourceTree = "<group>"; };
		5220BBA41CBB690C00372CB8 /* Base */ = {isa = PBXFileReference; lastKnownFileType = file.storyboard; name = Base; path = Base.lproj/LaunchScreen.storyboard; sourceTree = "<group>"; };
		5220BBA61CBB690C00372CB8 /* Info.plist */ = {isa = PBXFileReference; lastKnownFileType = text.plist.xml; path = Info.plist; sourceTree = "<group>"; };
		5220BBAB1CBB690D00372CB8 /* NSDatePickerDemoTests.xctest */ = {isa = PBXFileReference; explicitFileType = wrapper.cfbundle; includeInIndex = 0; path = NSDatePickerDemoTests.xctest; sourceTree = BUILT_PRODUCTS_DIR; };
		5220BBAF1CBB690D00372CB8 /* NSDatePickerDemoTests.m */ = {isa = PBXFileReference; lastKnownFileType = sourcecode.c.objc; path = NSDatePickerDemoTests.m; sourceTree = "<group>"; };
		5220BBB11CBB690D00372CB8 /* Info.plist */ = {isa = PBXFileReference; lastKnownFileType = text.plist.xml; path = Info.plist; sourceTree = "<group>"; };
		5220BBB61CBB690D00372CB8 /* NSDatePickerDemoUITests.xctest */ = {isa = PBXFileReference; explicitFileType = wrapper.cfbundle; includeInIndex = 0; path = NSDatePickerDemoUITests.xctest; sourceTree = BUILT_PRODUCTS_DIR; };
		5220BBBA1CBB690D00372CB8 /* NSDatePickerDemoUITests.m */ = {isa = PBXFileReference; lastKnownFileType = sourcecode.c.objc; path = NSDatePickerDemoUITests.m; sourceTree = "<group>"; };
		5220BBBC1CBB690D00372CB8 /* Info.plist */ = {isa = PBXFileReference; lastKnownFileType = text.plist.xml; path = Info.plist; sourceTree = "<group>"; };
/* End PBXFileReference section */

/* Begin PBXFrameworksBuildPhase section */
		5220BB8F1CBB690C00372CB8 /* Frameworks */ = {
			isa = PBXFrameworksBuildPhase;
			buildActionMask = 2147483647;
			files = (
			);
			runOnlyForDeploymentPostprocessing = 0;
		};
		5220BBA81CBB690D00372CB8 /* Frameworks */ = {
			isa = PBXFrameworksBuildPhase;
			buildActionMask = 2147483647;
			files = (
			);
			runOnlyForDeploymentPostprocessing = 0;
		};
		5220BBB31CBB690D00372CB8 /* Frameworks */ = {
			isa = PBXFrameworksBuildPhase;
			buildActionMask = 2147483647;
			files = (
			);
			runOnlyForDeploymentPostprocessing = 0;
		};
/* End PBXFrameworksBuildPhase section */

/* Begin PBXGroup section */
		5220BB891CBB690C00372CB8 = {
			isa = PBXGroup;
			children = (
				5220BB941CBB690C00372CB8 /* NSDatePickerDemo */,
				5220BBAE1CBB690D00372CB8 /* NSDatePickerDemoTests */,
				5220BBB91CBB690D00372CB8 /* NSDatePickerDemoUITests */,
				5220BB931CBB690C00372CB8 /* Products */,
			);
			sourceTree = "<group>";
		};
		5220BB931CBB690C00372CB8 /* Products */ = {
			isa = PBXGroup;
			children = (
				5220BB921CBB690C00372CB8 /* NSDatePickerDemo.app */,
				5220BBAB1CBB690D00372CB8 /* NSDatePickerDemoTests.xctest */,
				5220BBB61CBB690D00372CB8 /* NSDatePickerDemoUITests.xctest */,
			);
			name = Products;
			sourceTree = "<group>";
		};
		5220BB941CBB690C00372CB8 /* NSDatePickerDemo */ = {
			isa = PBXGroup;
			children = (
				5220BB981CBB690C00372CB8 /* AppDelegate.h */,
				5220BB991CBB690C00372CB8 /* AppDelegate.m */,
				5220BB9B1CBB690C00372CB8 /* ViewController.h */,
				5220BB9C1CBB690C00372CB8 /* ViewController.m */,
				5220BB9E1CBB690C00372CB8 /* Main.storyboard */,
				5220BBA11CBB690C00372CB8 /* Assets.xcassets */,
				5220BBA31CBB690C00372CB8 /* LaunchScreen.storyboard */,
				5220BBA61CBB690C00372CB8 /* Info.plist */,
				5220BB951CBB690C00372CB8 /* Supporting Files */,
			);
			path = NSDatePickerDemo;
			sourceTree = "<group>";
		};
		5220BB951CBB690C00372CB8 /* Supporting Files */ = {
			isa = PBXGroup;
			children = (
				5220BB961CBB690C00372CB8 /* main.m */,
			);
			name = "Supporting Files";
			sourceTree = "<group>";
		};
		5220BBAE1CBB690D00372CB8 /* NSDatePickerDemoTests */ = {
			isa = PBXGroup;
			children = (
				5220BBAF1CBB690D00372CB8 /* NSDatePickerDemoTests.m */,
				5220BBB11CBB690D00372CB8 /* Info.plist */,
			);
			path = NSDatePickerDemoTests;
			sourceTree = "<group>";
		};
		5220BBB91CBB690D00372CB8 /* NSDatePickerDemoUITests */ = {
			isa = PBXGroup;
			children = (
				5220BBBA1CBB690D00372CB8 /* NSDatePickerDemoUITests.m */,
				5220BBBC1CBB690D00372CB8 /* Info.plist */,
			);
			path = NSDatePickerDemoUITests;
			sourceTree = "<group>";
		};
/* End PBXGroup section */

/* Begin PBXNativeTarget section */
		5220BB911CBB690C00372CB8 /* NSDatePickerDemo */ = {
			isa = PBXNativeTarget;
			buildConfigurationList = 5220BBBF1CBB690D00372CB8 /* Build configuration list for PBXNativeTarget "NSDatePickerDemo" */;
			buildPhases = (
				5220BB8E1CBB690C00372CB8 /* Sources */,
				5220BB8F1CBB690C00372CB8 /* Frameworks */,
				5220BB901CBB690C00372CB8 /* Resources */,
			);
			buildRules = (
			);
			dependencies = (
			);
			name = NSDatePickerDemo;
			productName = NSDatePickerDemo;
			productReference = 5220BB921CBB690C00372CB8 /* NSDatePickerDemo.app */;
			productType = "com.apple.product-type.application";
		};
		5220BBAA1CBB690D00372CB8 /* NSDatePickerDemoTests */ = {
			isa = PBXNativeTarget;
			buildConfigurationList = 5220BBC21CBB690D00372CB8 /* Build configuration list for PBXNativeTarget "NSDatePickerDemoTests" */;
			buildPhases = (
				5220BBA71CBB690D00372CB8 /* Sources */,
				5220BBA81CBB690D00372CB8 /* Frameworks */,
				5220BBA91CBB690D00372CB8 /* Resources */,
			);
			buildRules = (
			);
			dependencies = (
				5220BBAD1CBB690D00372CB8 /* PBXTargetDependency */,
			);
			name = NSDatePickerDemoTests;
			productName = NSDatePickerDemoTests;
			productReference = 5220BBAB1CBB690D00372CB8 /* NSDatePickerDemoTests.xctest */;
			productType = "com.apple.product-type.bundle.unit-test";
		};
		5220BBB51CBB690D00372CB8 /* NSDatePickerDemoUITests */ = {
			isa = PBXNativeTarget;
			buildConfigurationList = 5220BBC51CBB690D00372CB8 /* Build configuration list for PBXNativeTarget "NSDatePickerDemoUITests" */;
			buildPhases = (
				5220BBB21CBB690D00372CB8 /* Sources */,
				5220BBB31CBB690D00372CB8 /* Frameworks */,
				5220BBB41CBB690D00372CB8 /* Resources */,
			);
			buildRules = (
			);
			dependencies = (
				5220BBB81CBB690D00372CB8 /* PBXTargetDependency */,
			);
			name = NSDatePickerDemoUITests;
			productName = NSDatePickerDemoUITests;
			productReference = 5220BBB61CBB690D00372CB8 /* NSDatePickerDemoUITests.xctest */;
			productType = "com.apple.product-type.bundle.ui-testing";
		};
/* End PBXNativeTarget section */

/* Begin PBXProject section */
		5220BB8A1CBB690C00372CB8 /* Project object */ = {
			isa = PBXProject;
			attributes = {
				LastUpgradeCheck = 0730;
				ORGANIZATIONNAME = NeoRays;
				TargetAttributes = {
					5220BB911CBB690C00372CB8 = {
						CreatedOnToolsVersion = 7.3;
					};
					5220BBAA1CBB690D00372CB8 = {
						CreatedOnToolsVersion = 7.3;
						TestTargetID = 5220BB911CBB690C00372CB8;
					};
					5220BBB51CBB690D00372CB8 = {
						CreatedOnToolsVersion = 7.3;
						TestTargetID = 5220BB911CBB690C00372CB8;
					};
				};
			};
			buildConfigurationList = 5220BB8D1CBB690C00372CB8 /* Build configuration list for PBXProject "NSDatePickerDemo" */;
			compatibilityVersion = "Xcode 3.2";
			developmentRegion = English;
			hasScannedForEncodings = 0;
			knownRegions = (
				en,
				Base,
			);
			mainGroup = 5220BB891CBB690C00372CB8;
			productRefGroup = 5220BB931CBB690C00372CB8 /* Products */;
			projectDirPath = "";
			projectRoot = "";
			targets = (
				5220BB911CBB690C00372CB8 /* NSDatePickerDemo */,
				5220BBAA1CBB690D00372CB8 /* NSDatePickerDemoTests */,
				5220BBB51CBB690D00372CB8 /* NSDatePickerDemoUITests */,
			);
		};
/* End PBXProject section */

/* Begin PBXResourcesBuildPhase section */
		5220BB901CBB690C00372CB8 /* Resources */ = {
			isa = PBXResourcesBuildPhase;
			buildActionMask = 2147483647;
			files = (
				5220BBA51CBB690C00372CB8 /* LaunchScreen.storyboard in Resources */,
				5220BBA21CBB690C00372CB8 /* Assets.xcassets in Resources */,
				5220BBA01CBB690C00372CB8 /* Main.storyboard in Resources */,
			);
			runOnlyForDeploymentPostprocessing = 0;
		};
		5220BBA91CBB690D00372CB8 /* Resources */ = {
			isa = PBXResourcesBuildPhase;
			buildActionMask = 2147483647;
			files = (
			);
			runOnlyForDeploymentPostprocessing = 0;
		};
		5220BBB41CBB690D00372CB8 /* Resources */ = {
			isa = PBXResourcesBuildPhase;
			buildActionMask = 2147483647;
			files = (
			);
			runOnlyForDeploymentPostprocessing = 0;
		};
/* End PBXResourcesBuildPhase section */

/* Begin PBXSourcesBuildPhase section */
		5220BB8E1CBB690C00372CB8 /* Sources */ = {
			isa = PBXSourcesBuildPhase;
			buildActionMask = 2147483647;
			files = (
				5220BB9D1CBB690C00372CB8 /* ViewController.m in Sources */,
				5220BB9A1CBB690C00372CB8 /* AppDelegate.m in Sources */,
				5220BB971CBB690C00372CB8 /* main.m in Sources */,
			);
			runOnlyForDeploymentPostprocessing = 0;
		};
		5220BBA71CBB690D00372CB8 /* Sources */ = {
			isa = PBXSourcesBuildPhase;
			buildActionMask = 2147483647;
			files = (
				5220BBB01CBB690D00372CB8 /* NSDatePickerDemoTests.m in Sources */,
			);
			runOnlyForDeploymentPostprocessing = 0;
		};
		5220BBB21CBB690D00372CB8 /* Sources */ = {
			isa = PBXSourcesBuildPhase;
			buildActionMask = 2147483647;
			files = (
				5220BBBB1CBB690D00372CB8 /* NSDatePickerDemoUITests.m in Sources */,
			);
			runOnlyForDeploymentPostprocessing = 0;
		};
/* End PBXSourcesBuildPhase section */

/* Begin PBXTargetDependency section */
		5220BBAD1CBB690D00372CB8 /* PBXTargetDependency */ = {
			isa = PBXTargetDependency;
			target = 5220BB911CBB690C00372CB8 /* NSDatePickerDemo */;
			targetProxy = 5220BBAC1CBB690D00372CB8 /* PBXContainerItemProxy */;
		};
		5220BBB81CBB690D00372CB8 /* PBXTargetDependency */ = {
			isa = PBXTargetDependency;
			target = 5220BB911CBB690C00372CB8 /* NSDatePickerDemo */;
			targetProxy = 5220BBB71CBB690D00372CB8 /* PBXContainerItemProxy */;
		};
/* End PBXTargetDependency section */

/* Begin PBXVariantGroup section */
		5220BB9E1CBB690C00372CB8 /* Main.storyboard */ = {
			isa = PBXVariantGroup;
			children = (
				5220BB9F1CBB690C00372CB8 /* Base */,
			);
			name = Main.storyboard;
			sourceTree = "<group>";
		};
		5220BBA31CBB690C00372CB8 /* LaunchScreen.storyboard */ = {
			isa = PBXVariantGroup;
			children = (
				5220BBA41CBB690C00372CB8 /* Base */,
			);
			name = LaunchScreen.storyboard;
			sourceTree = "<group>";
		};
/* End PBXVariantGroup section */

/* Begin XCBuildConfiguration section */
		5220BBBD1CBB690D00372CB8 /* Debug */ = {
			isa = XCBuildConfiguration;
			buildSettings = {
				ALWAYS_SEARCH_USER_PATHS = NO;
				CLANG_ANALYZER_NONNULL = YES;
				CLANG_CXX_LANGUAGE_STANDARD = "gnu++0x";
				CLANG_CXX_LIBRARY = "libc++";
				CLANG_ENABLE_MODULES = YES;
				CLANG_ENABLE_OBJC_ARC = YES;
				CLANG_WARN_BOOL_CONVERSION = YES;
				CLANG_WARN_CONSTANT_CONVERSION = YES;
				CLANG_WARN_DIRECT_OBJC_ISA_USAGE = YES_ERROR;
				CLANG_WARN_EMPTY_BODY = YES;
				CLANG_WARN_ENUM_CONVERSION = YES;
				CLANG_WARN_INT_CONVERSION = YES;
				CLANG_WARN_OBJC_ROOT_CLASS = YES_ERROR;
				CLANG_WARN_UNREACHABLE_CODE = YES;
				CLANG_WARN__DUPLICATE_METHOD_MATCH = YES;
				"CODE_SIGN_IDENTITY[sdk=iphoneos*]" = "iPhone Developer";
				COPY_PHASE_STRIP = NO;
				DEBUG_INFORMATION_FORMAT = dwarf;
				ENABLE_STRICT_OBJC_MSGSEND = YES;
				ENABLE_TESTABILITY = YES;
				GCC_C_LANGUAGE_STANDARD = gnu99;
				GCC_DYNAMIC_NO_PIC = NO;
				GCC_NO_COMMON_BLOCKS = YES;
				GCC_OPTIMIZATION_LEVEL = 0;
				GCC_PREPROCESSOR_DEFINITIONS = (
					"DEBUG=1",
					"$(inherited)",
				);
				GCC_WARN_64_TO_32_BIT_CONVERSION = YES;
				GCC_WARN_ABOUT_RETURN_TYPE = YES_ERROR;
				GCC_WARN_UNDECLARED_SELECTOR = YES;
				GCC_WARN_UNINITIALIZED_AUTOS = YES_AGGRESSIVE;
				GCC_WARN_UNUSED_FUNCTION = YES;
				GCC_WARN_UNUSED_VARIABLE = YES;
				IPHONEOS_DEPLOYMENT_TARGET = 9.3;
				MTL_ENABLE_DEBUG_INFO = YES;
				ONLY_ACTIVE_ARCH = YES;
				SDKROOT = iphoneos;
				TARGETED_DEVICE_FAMILY = "1,2";
			};
			name = Debug;
		};
		5220BBBE1CBB690D00372CB8 /* Release */ = {
			isa = XCBuildConfiguration;
			buildSettings = {
				ALWAYS_SEARCH_USER_PATHS = NO;
				CLANG_ANALYZER_NONNULL = YES;
				CLANG_CXX_LANGUAGE_STANDARD = "gnu++0x";
				CLANG_CXX_LIBRARY = "libc++";
				CLANG_ENABLE_MODULES = YES;
				CLANG_ENABLE_OBJC_ARC = YES;
				CLANG_WARN_BOOL_CONVERSION = YES;
				CLANG_WARN_CONSTANT_CONVERSION = YES;
				CLANG_WARN_DIRECT_OBJC_ISA_USAGE = YES_ERROR;
				CLANG_WARN_EMPTY_BODY = YES;
				CLANG_WARN_ENUM_CONVERSION = YES;
				CLANG_WARN_INT_CONVERSION = YES;
				CLANG_WARN_OBJC_ROOT_CLASS = YES_ERROR;
				CLANG_WARN_UNREACHABLE_CODE = YES;
				CLANG_WARN__DUPLICATE_METHOD_MATCH = YES;
				"CODE_SIGN_IDENTITY[sdk=iphoneos*]" = "iPhone Developer";
				COPY_PHASE_STRIP = NO;
				DEBUG_INFORMATION_FORMAT = "dwarf-with-dsym";
				ENABLE_NS_ASSERTIONS = NO;
				ENABLE_STRICT_OBJC_MSGSEND = YES;
				GCC_C_LANGUAGE_STANDARD = gnu99;
				GCC_NO_COMMON_BLOCKS = YES;
				GCC_WARN_64_TO_32_BIT_CONVERSION = YES;
				GCC_WARN_ABOUT_RETURN_TYPE = YES_ERROR;
				GCC_WARN_UNDECLARED_SELECTOR = YES;
				GCC_WARN_UNINITIALIZED_AUTOS = YES_AGGRESSIVE;
				GCC_WARN_UNUSED_FUNCTION = YES;
				GCC_WARN_UNUSED_VARIABLE = YES;
				IPHONEOS_DEPLOYMENT_TARGET = 9.3;
				MTL_ENABLE_DEBUG_INFO = NO;
				SDKROOT = iphoneos;
				TARGETED_DEVICE_FAMILY = "1,2";
				VALIDATE_PRODUCT = YES;
			};
			name = Release;
		};
		5220BBC01CBB690D00372CB8 /* Debug */ = {
			isa = XCBuildConfiguration;
			buildSettings = {
				ASSETCATALOG_COMPILER_APPICON_NAME = AppIcon;
				INFOPLIST_FILE = NSDatePickerDemo/Info.plist;
				LD_RUNPATH_SEARCH_PATHS = "$(inherited) @executable_path/Frameworks";
				PRODUCT_BUNDLE_IDENTIFIER = com.Test.NSDatePickerDemo;
				PRODUCT_NAME = "$(TARGET_NAME)";
			};
			name = Debug;
		};
		5220BBC11CBB690D00372CB8 /* Release */ = {
			isa = XCBuildConfiguration;
			buildSettings = {
				ASSETCATALOG_COMPILER_APPICON_NAME = AppIcon;
				INFOPLIST_FILE = NSDatePickerDemo/Info.plist;
				LD_RUNPATH_SEARCH_PATHS = "$(inherited) @executable_path/Frameworks";
				PRODUCT_BUNDLE_IDENTIFIER = com.Test.NSDatePickerDemo;
				PRODUCT_NAME = "$(TARGET_NAME)";
			};
			name = Release;
		};
		5220BBC31CBB690D00372CB8 /* Debug */ = {
			isa = XCBuildConfiguration;
			buildSettings = {
				BUNDLE_LOADER = "$(TEST_HOST)";
				INFOPLIST_FILE = NSDatePickerDemoTests/Info.plist;
				LD_RUNPATH_SEARCH_PATHS = "$(inherited) @executable_path/Frameworks @loader_path/Frameworks";
				PRODUCT_BUNDLE_IDENTIFIER = com.Test.NSDatePickerDemoTests;
				PRODUCT_NAME = "$(TARGET_NAME)";
				TEST_HOST = "$(BUILT_PRODUCTS_DIR)/NSDatePickerDemo.app/NSDatePickerDemo";
			};
			name = Debug;
		};
		5220BBC41CBB690D00372CB8 /* Release */ = {
			isa = XCBuildConfiguration;
			buildSettings = {
				BUNDLE_LOADER = "$(TEST_HOST)";
				INFOPLIST_FILE = NSDatePickerDemoTests/Info.plist;
				LD_RUNPATH_SEARCH_PATHS = "$(inherited) @executable_path/Frameworks @loader_path/Frameworks";
				PRODUCT_BUNDLE_IDENTIFIER = com.Test.NSDatePickerDemoTests;
				PRODUCT_NAME = "$(TARGET_NAME)";
				TEST_HOST = "$(BUILT_PRODUCTS_DIR)/NSDatePickerDemo.app/NSDatePickerDemo";
			};
			name = Release;
		};
		5220BBC61CBB690D00372CB8 /* Debug */ = {
			isa = XCBuildConfiguration;
			buildSettings = {
				INFOPLIST_FILE = NSDatePickerDemoUITests/Info.plist;
				LD_RUNPATH_SEARCH_PATHS = "$(inherited) @executable_path/Frameworks @loader_path/Frameworks";
				PRODUCT_BUNDLE_IDENTIFIER = com.Test.NSDatePickerDemoUITests;
				PRODUCT_NAME = "$(TARGET_NAME)";
				TEST_TARGET_NAME = NSDatePickerDemo;
			};
			name = Debug;
		};
		5220BBC71CBB690D00372CB8 /* Release */ = {
			isa = XCBuildConfiguration;
			buildSettings = {
				INFOPLIST_FILE = NSDatePickerDemoUITests/Info.plist;
				LD_RUNPATH_SEARCH_PATHS = "$(inherited) @executable_path/Frameworks @loader_path/Frameworks";
				PRODUCT_BUNDLE_IDENTIFIER = com.Test.NSDatePickerDemoUITests;
				PRODUCT_NAME = "$(TARGET_NAME)";
				TEST_TARGET_NAME = NSDatePickerDemo;
			};
			name = Release;
		};
/* End XCBuildConfiguration section */

/* Begin XCConfigurationList section */
		5220BB8D1CBB690C00372CB8 /* Build configuration list for PBXProject "NSDatePickerDemo" */ = {
			isa = XCConfigurationList;
			buildConfigurations = (
				5220BBBD1CBB690D00372CB8 /* Debug */,
				5220BBBE1CBB690D00372CB8 /* Release */,
			);
			defaultConfigurationIsVisible = 0;
			defaultConfigurationName = Release;
		};
		5220BBBF1CBB690D00372CB8 /* Build configuration list for PBXNativeTarget "NSDatePickerDemo" */ = {
			isa = XCConfigurationList;
			buildConfigurations = (
				5220BBC01CBB690D00372CB8 /* Debug */,
				5220BBC11CBB690D00372CB8 /* Release */,
			);
			defaultConfigurationIsVisible = 0;
		};
		5220BBC21CBB690D00372CB8 /* Build configuration list for PBXNativeTarget "NSDatePickerDemoTests" */ = {
			isa = XCConfigurationList;
			buildConfigurations = (
				5220BBC31CBB690D00372CB8 /* Debug */,
				5220BBC41CBB690D00372CB8 /* Release */,
			);
			defaultConfigurationIsVisible = 0;
		};
		5220BBC51CBB690D00372CB8 /* Build configuration list for PBXNativeTarget "NSDatePickerDemoUITests" */ = {
			isa = XCConfigurationList;
			buildConfigurations = (
				5220BBC61CBB690D00372CB8 /* Debug */,
				5220BBC71CBB690D00372CB8 /* Release */,
			);
			defaultConfigurationIsVisible = 0;
		};
/* End XCConfigurationList section */
	};
	rootObject = 5220BB8A1CBB690C00372CB8 /* Project object */;
}
