// !$*UTF8*$!
{
	archiveVersion = 1;
	classes = {
	};
	objectVersion = 46;
	objects = {

/* Begin PBXBuildFile section */
		52D859581CBF635C00505080 /* main.m in Sources */ = {isa = PBXBuildFile; fileRef = 52D859571CBF635C00505080 /* main.m */; };
		52D8595B1CBF635C00505080 /* AppDelegate.m in Sources */ = {isa = PBXBuildFile; fileRef = 52D8595A1CBF635C00505080 /* AppDelegate.m */; };
		52D8595E1CBF635C00505080 /* ViewController.m in Sources */ = {isa = PBXBuildFile; fileRef = 52D8595D1CBF635C00505080 /* ViewController.m */; };
		52D859611CBF635C00505080 /* Main.storyboard in Resources */ = {isa = PBXBuildFile; fileRef = 52D8595F1CBF635C00505080 /* Main.storyboard */; };
		52D859631CBF635C00505080 /* Assets.xcassets in Resources */ = {isa = PBXBuildFile; fileRef = 52D859621CBF635C00505080 /* Assets.xcassets */; };
		52D859661CBF635C00505080 /* LaunchScreen.storyboard in Resources */ = {isa = PBXBuildFile; fileRef = 52D859641CBF635C00505080 /* LaunchScreen.storyboard */; };
		52D859711CBF635C00505080 /* SegmentandSwitchTests.m in Sources */ = {isa = PBXBuildFile; fileRef = 52D859701CBF635C00505080 /* SegmentandSwitchTests.m */; };
		52D8597C1CBF635C00505080 /* SegmentandSwitchUITests.m in Sources */ = {isa = PBXBuildFile; fileRef = 52D8597B1CBF635C00505080 /* SegmentandSwitchUITests.m */; };
/* End PBXBuildFile section */

/* Begin PBXContainerItemProxy section */
		52D8596D1CBF635C00505080 /* PBXContainerItemProxy */ = {
			isa = PBXContainerItemProxy;
			containerPortal = 52D8594B1CBF635C00505080 /* Project object */;
			proxyType = 1;
			remoteGlobalIDString = 52D859521CBF635C00505080;
			remoteInfo = SegmentandSwitch;
		};
		52D859781CBF635C00505080 /* PBXContainerItemProxy */ = {
			isa = PBXContainerItemProxy;
			containerPortal = 52D8594B1CBF635C00505080 /* Project object */;
			proxyType = 1;
			remoteGlobalIDString = 52D859521CBF635C00505080;
			remoteInfo = SegmentandSwitch;
		};
/* End PBXContainerItemProxy section */

/* Begin PBXFileReference section */
		52D859531CBF635C00505080 /* SegmentandSwitch.app */ = {isa = PBXFileReference; explicitFileType = wrapper.application; includeInIndex = 0; path = SegmentandSwitch.app; sourceTree = BUILT_PRODUCTS_DIR; };
		52D859571CBF635C00505080 /* main.m */ = {isa = PBXFileReference; lastKnownFileType = sourcecode.c.objc; path = main.m; sourceTree = "<group>"; };
		52D859591CBF635C00505080 /* AppDelegate.h */ = {isa = PBXFileReference; lastKnownFileType = sourcecode.c.h; path = AppDelegate.h; sourceTree = "<group>"; };
		52D8595A1CBF635C00505080 /* AppDelegate.m */ = {isa = PBXFileReference; lastKnownFileType = sourcecode.c.objc; path = AppDelegate.m; sourceTree = "<group>"; };
		52D8595C1CBF635C00505080 /* ViewController.h */ = {isa = PBXFileReference; lastKnownFileType = sourcecode.c.h; path = ViewController.h; sourceTree = "<group>"; };
		52D8595D1CBF635C00505080 /* ViewController.m */ = {isa = PBXFileReference; lastKnownFileType = sourcecode.c.objc; path = ViewController.m; sourceTree = "<group>"; };
		52D859601CBF635C00505080 /* Base */ = {isa = PBXFileReference; lastKnownFileType = file.storyboard; name = Base; path = Base.lproj/Main.storyboard; sourceTree = "<group>"; };
		52D859621CBF635C00505080 /* Assets.xcassets */ = {isa = PBXFileReference; lastKnownFileType = folder.assetcatalog; path = Assets.xcassets; sourceTree = "<group>"; };
		52D859651CBF635C00505080 /* Base */ = {isa = PBXFileReference; lastKnownFileType = file.storyboard; name = Base; path = Base.lproj/LaunchScreen.storyboard; sourceTree = "<group>"; };
		52D859671CBF635C00505080 /* Info.plist */ = {isa = PBXFileReference; lastKnownFileType = text.plist.xml; path = Info.plist; sourceTree = "<group>"; };
		52D8596C1CBF635C00505080 /* SegmentandSwitchTests.xctest */ = {isa = PBXFileReference; explicitFileType = wrapper.cfbundle; includeInIndex = 0; path = SegmentandSwitchTests.xctest; sourceTree = BUILT_PRODUCTS_DIR; };
		52D859701CBF635C00505080 /* SegmentandSwitchTests.m */ = {isa = PBXFileReference; lastKnownFileType = sourcecode.c.objc; path = SegmentandSwitchTests.m; sourceTree = "<group>"; };
		52D859721CBF635C00505080 /* Info.plist */ = {isa = PBXFileReference; lastKnownFileType = text.plist.xml; path = Info.plist; sourceTree = "<group>"; };
		52D859771CBF635C00505080 /* SegmentandSwitchUITests.xctest */ = {isa = PBXFileReference; explicitFileType = wrapper.cfbundle; includeInIndex = 0; path = SegmentandSwitchUITests.xctest; sourceTree = BUILT_PRODUCTS_DIR; };
		52D8597B1CBF635C00505080 /* SegmentandSwitchUITests.m */ = {isa = PBXFileReference; lastKnownFileType = sourcecode.c.objc; path = SegmentandSwitchUITests.m; sourceTree = "<group>"; };
		52D8597D1CBF635C00505080 /* Info.plist */ = {isa = PBXFileReference; lastKnownFileType = text.plist.xml; path = Info.plist; sourceTree = "<group>"; };
/* End PBXFileReference section */

/* Begin PBXFrameworksBuildPhase section */
		52D859501CBF635C00505080 /* Frameworks */ = {
			isa = PBXFrameworksBuildPhase;
			buildActionMask = 2147483647;
			files = (
			);
			runOnlyForDeploymentPostprocessing = 0;
		};
		52D859691CBF635C00505080 /* Frameworks */ = {
			isa = PBXFrameworksBuildPhase;
			buildActionMask = 2147483647;
			files = (
			);
			runOnlyForDeploymentPostprocessing = 0;
		};
		52D859741CBF635C00505080 /* Frameworks */ = {
			isa = PBXFrameworksBuildPhase;
			buildActionMask = 2147483647;
			files = (
			);
			runOnlyForDeploymentPostprocessing = 0;
		};
/* End PBXFrameworksBuildPhase section */

/* Begin PBXGroup section */
		52D8594A1CBF635C00505080 = {
			isa = PBXGroup;
			children = (
				52D859551CBF635C00505080 /* SegmentandSwitch */,
				52D8596F1CBF635C00505080 /* SegmentandSwitchTests */,
				52D8597A1CBF635C00505080 /* SegmentandSwitchUITests */,
				52D859541CBF635C00505080 /* Products */,
			);
			sourceTree = "<group>";
		};
		52D859541CBF635C00505080 /* Products */ = {
			isa = PBXGroup;
			children = (
				52D859531CBF635C00505080 /* SegmentandSwitch.app */,
				52D8596C1CBF635C00505080 /* SegmentandSwitchTests.xctest */,
				52D859771CBF635C00505080 /* SegmentandSwitchUITests.xctest */,
			);
			name = Products;
			sourceTree = "<group>";
		};
		52D859551CBF635C00505080 /* SegmentandSwitch */ = {
			isa = PBXGroup;
			children = (
				52D859591CBF635C00505080 /* AppDelegate.h */,
				52D8595A1CBF635C00505080 /* AppDelegate.m */,
				52D8595C1CBF635C00505080 /* ViewController.h */,
				52D8595D1CBF635C00505080 /* ViewController.m */,
				52D8595F1CBF635C00505080 /* Main.storyboard */,
				52D859621CBF635C00505080 /* Assets.xcassets */,
				52D859641CBF635C00505080 /* LaunchScreen.storyboard */,
				52D859671CBF635C00505080 /* Info.plist */,
				52D859561CBF635C00505080 /* Supporting Files */,
			);
			path = SegmentandSwitch;
			sourceTree = "<group>";
		};
		52D859561CBF635C00505080 /* Supporting Files */ = {
			isa = PBXGroup;
			children = (
				52D859571CBF635C00505080 /* main.m */,
			);
			name = "Supporting Files";
			sourceTree = "<group>";
		};
		52D8596F1CBF635C00505080 /* SegmentandSwitchTests */ = {
			isa = PBXGroup;
			children = (
				52D859701CBF635C00505080 /* SegmentandSwitchTests.m */,
				52D859721CBF635C00505080 /* Info.plist */,
			);
			path = SegmentandSwitchTests;
			sourceTree = "<group>";
		};
		52D8597A1CBF635C00505080 /* SegmentandSwitchUITests */ = {
			isa = PBXGroup;
			children = (
				52D8597B1CBF635C00505080 /* SegmentandSwitchUITests.m */,
				52D8597D1CBF635C00505080 /* Info.plist */,
			);
			path = SegmentandSwitchUITests;
			sourceTree = "<group>";
		};
/* End PBXGroup section */

/* Begin PBXNativeTarget section */
		52D859521CBF635C00505080 /* SegmentandSwitch */ = {
			isa = PBXNativeTarget;
			buildConfigurationList = 52D859801CBF635D00505080 /* Build configuration list for PBXNativeTarget "SegmentandSwitch" */;
			buildPhases = (
				52D8594F1CBF635C00505080 /* Sources */,
				52D859501CBF635C00505080 /* Frameworks */,
				52D859511CBF635C00505080 /* Resources */,
			);
			buildRules = (
			);
			dependencies = (
			);
			name = SegmentandSwitch;
			productName = SegmentandSwitch;
			productReference = 52D859531CBF635C00505080 /* SegmentandSwitch.app */;
			productType = "com.apple.product-type.application";
		};
		52D8596B1CBF635C00505080 /* SegmentandSwitchTests */ = {
			isa = PBXNativeTarget;
			buildConfigurationList = 52D859831CBF635D00505080 /* Build configuration list for PBXNativeTarget "SegmentandSwitchTests" */;
			buildPhases = (
				52D859681CBF635C00505080 /* Sources */,
				52D859691CBF635C00505080 /* Frameworks */,
				52D8596A1CBF635C00505080 /* Resources */,
			);
			buildRules = (
			);
			dependencies = (
				52D8596E1CBF635C00505080 /* PBXTargetDependency */,
			);
			name = SegmentandSwitchTests;
			productName = SegmentandSwitchTests;
			productReference = 52D8596C1CBF635C00505080 /* SegmentandSwitchTests.xctest */;
			productType = "com.apple.product-type.bundle.unit-test";
		};
		52D859761CBF635C00505080 /* SegmentandSwitchUITests */ = {
			isa = PBXNativeTarget;
			buildConfigurationList = 52D859861CBF635D00505080 /* Build configuration list for PBXNativeTarget "SegmentandSwitchUITests" */;
			buildPhases = (
				52D859731CBF635C00505080 /* Sources */,
				52D859741CBF635C00505080 /* Frameworks */,
				52D859751CBF635C00505080 /* Resources */,
			);
			buildRules = (
			);
			dependencies = (
				52D859791CBF635C00505080 /* PBXTargetDependency */,
			);
			name = SegmentandSwitchUITests;
			productName = SegmentandSwitchUITests;
			productReference = 52D859771CBF635C00505080 /* SegmentandSwitchUITests.xctest */;
			productType = "com.apple.product-type.bundle.ui-testing";
		};
/* End PBXNativeTarget section */

/* Begin PBXProject section */
		52D8594B1CBF635C00505080 /* Project object */ = {
			isa = PBXProject;
			attributes = {
				LastUpgradeCheck = 0730;
				ORGANIZATIONNAME = NeoRays;
				TargetAttributes = {
					52D859521CBF635C00505080 = {
						CreatedOnToolsVersion = 7.3;
					};
					52D8596B1CBF635C00505080 = {
						CreatedOnToolsVersion = 7.3;
						TestTargetID = 52D859521CBF635C00505080;
					};
					52D859761CBF635C00505080 = {
						CreatedOnToolsVersion = 7.3;
						TestTargetID = 52D859521CBF635C00505080;
					};
				};
			};
			buildConfigurationList = 52D8594E1CBF635C00505080 /* Build configuration list for PBXProject "SegmentandSwitch" */;
			compatibilityVersion = "Xcode 3.2";
			developmentRegion = English;
			hasScannedForEncodings = 0;
			knownRegions = (
				en,
				Base,
			);
			mainGroup = 52D8594A1CBF635C00505080;
			productRefGroup = 52D859541CBF635C00505080 /* Products */;
			projectDirPath = "";
			projectRoot = "";
			targets = (
				52D859521CBF635C00505080 /* SegmentandSwitch */,
				52D8596B1CBF635C00505080 /* SegmentandSwitchTests */,
				52D859761CBF635C00505080 /* SegmentandSwitchUITests */,
			);
		};
/* End PBXProject section */

/* Begin PBXResourcesBuildPhase section */
		52D859511CBF635C00505080 /* Resources */ = {
			isa = PBXResourcesBuildPhase;
			buildActionMask = 2147483647;
			files = (
				52D859661CBF635C00505080 /* LaunchScreen.storyboard in Resources */,
				52D859631CBF635C00505080 /* Assets.xcassets in Resources */,
				52D859611CBF635C00505080 /* Main.storyboard in Resources */,
			);
			runOnlyForDeploymentPostprocessing = 0;
		};
		52D8596A1CBF635C00505080 /* Resources */ = {
			isa = PBXResourcesBuildPhase;
			buildActionMask = 2147483647;
			files = (
			);
			runOnlyForDeploymentPostprocessing = 0;
		};
		52D859751CBF635C00505080 /* Resources */ = {
			isa = PBXResourcesBuildPhase;
			buildActionMask = 2147483647;
			files = (
			);
			runOnlyForDeploymentPostprocessing = 0;
		};
/* End PBXResourcesBuildPhase section */

/* Begin PBXSourcesBuildPhase section */
		52D8594F1CBF635C00505080 /* Sources */ = {
			isa = PBXSourcesBuildPhase;
			buildActionMask = 2147483647;
			files = (
				52D8595E1CBF635C00505080 /* ViewController.m in Sources */,
				52D8595B1CBF635C00505080 /* AppDelegate.m in Sources */,
				52D859581CBF635C00505080 /* main.m in Sources */,
			);
			runOnlyForDeploymentPostprocessing = 0;
		};
		52D859681CBF635C00505080 /* Sources */ = {
			isa = PBXSourcesBuildPhase;
			buildActionMask = 2147483647;
			files = (
				52D859711CBF635C00505080 /* SegmentandSwitchTests.m in Sources */,
			);
			runOnlyForDeploymentPostprocessing = 0;
		};
		52D859731CBF635C00505080 /* Sources */ = {
			isa = PBXSourcesBuildPhase;
			buildActionMask = 2147483647;
			files = (
				52D8597C1CBF635C00505080 /* SegmentandSwitchUITests.m in Sources */,
			);
			runOnlyForDeploymentPostprocessing = 0;
		};
/* End PBXSourcesBuildPhase section */

/* Begin PBXTargetDependency section */
		52D8596E1CBF635C00505080 /* PBXTargetDependency */ = {
			isa = PBXTargetDependency;
			target = 52D859521CBF635C00505080 /* SegmentandSwitch */;
			targetProxy = 52D8596D1CBF635C00505080 /* PBXContainerItemProxy */;
		};
		52D859791CBF635C00505080 /* PBXTargetDependency */ = {
			isa = PBXTargetDependency;
			target = 52D859521CBF635C00505080 /* SegmentandSwitch */;
			targetProxy = 52D859781CBF635C00505080 /* PBXContainerItemProxy */;
		};
/* End PBXTargetDependency section */

/* Begin PBXVariantGroup section */
		52D8595F1CBF635C00505080 /* Main.storyboard */ = {
			isa = PBXVariantGroup;
			children = (
				52D859601CBF635C00505080 /* Base */,
			);
			name = Main.storyboard;
			sourceTree = "<group>";
		};
		52D859641CBF635C00505080 /* LaunchScreen.storyboard */ = {
			isa = PBXVariantGroup;
			children = (
				52D859651CBF635C00505080 /* Base */,
			);
			name = LaunchScreen.storyboard;
			sourceTree = "<group>";
		};
/* End PBXVariantGroup section */

/* Begin XCBuildConfiguration section */
		52D8597E1CBF635D00505080 /* Debug */ = {
			isa = XCBuildConfiguration;
			buildSettings = {
				ALWAYS_SEARCH_USER_PATHS = NO;
				CLANG_ANALYZER_NONNULL = YES;
				CLANG_CXX_LANGUAGE_STANDARD = "gnu++0x";
				CLANG_CXX_LIBRARY = "libc++";
				CLANG_ENABLE_MODULES = YES;
				CLANG_ENABLE_OBJC_ARC = YES;
				CLANG_WARN_BOOL_CONVERSION = YES;
				CLANG_WARN_CONSTANT_CONVERSION = YES;
				CLANG_WARN_DIRECT_OBJC_ISA_USAGE = YES_ERROR;
				CLANG_WARN_EMPTY_BODY = YES;
				CLANG_WARN_ENUM_CONVERSION = YES;
				CLANG_WARN_INT_CONVERSION = YES;
				CLANG_WARN_OBJC_ROOT_CLASS = YES_ERROR;
				CLANG_WARN_UNREACHABLE_CODE = YES;
				CLANG_WARN__DUPLICATE_METHOD_MATCH = YES;
				"CODE_SIGN_IDENTITY[sdk=iphoneos*]" = "iPhone Developer";
				COPY_PHASE_STRIP = NO;
				DEBUG_INFORMATION_FORMAT = dwarf;
				ENABLE_STRICT_OBJC_MSGSEND = YES;
				ENABLE_TESTABILITY = YES;
				GCC_C_LANGUAGE_STANDARD = gnu99;
				GCC_DYNAMIC_NO_PIC = NO;
				GCC_NO_COMMON_BLOCKS = YES;
				GCC_OPTIMIZATION_LEVEL = 0;
				GCC_PREPROCESSOR_DEFINITIONS = (
					"DEBUG=1",
					"$(inherited)",
				);
				GCC_WARN_64_TO_32_BIT_CONVERSION = YES;
				GCC_WARN_ABOUT_RETURN_TYPE = YES_ERROR;
				GCC_WARN_UNDECLARED_SELECTOR = YES;
				GCC_WARN_UNINITIALIZED_AUTOS = YES_AGGRESSIVE;
				GCC_WARN_UNUSED_FUNCTION = YES;
				GCC_WARN_UNUSED_VARIABLE = YES;
				IPHONEOS_DEPLOYMENT_TARGET = 9.3;
				MTL_ENABLE_DEBUG_INFO = YES;
				ONLY_ACTIVE_ARCH = YES;
				SDKROOT = iphoneos;
				TARGETED_DEVICE_FAMILY = "1,2";
			};
			name = Debug;
		};
		52D8597F1CBF635D00505080 /* Release */ = {
			isa = XCBuildConfiguration;
			buildSettings = {
				ALWAYS_SEARCH_USER_PATHS = NO;
				CLANG_ANALYZER_NONNULL = YES;
				CLANG_CXX_LANGUAGE_STANDARD = "gnu++0x";
				CLANG_CXX_LIBRARY = "libc++";
				CLANG_ENABLE_MODULES = YES;
				CLANG_ENABLE_OBJC_ARC = YES;
				CLANG_WARN_BOOL_CONVERSION = YES;
				CLANG_WARN_CONSTANT_CONVERSION = YES;
				CLANG_WARN_DIRECT_OBJC_ISA_USAGE = YES_ERROR;
				CLANG_WARN_EMPTY_BODY = YES;
				CLANG_WARN_ENUM_CONVERSION = YES;
				CLANG_WARN_INT_CONVERSION = YES;
				CLANG_WARN_OBJC_ROOT_CLASS = YES_ERROR;
				CLANG_WARN_UNREACHABLE_CODE = YES;
				CLANG_WARN__DUPLICATE_METHOD_MATCH = YES;
				"CODE_SIGN_IDENTITY[sdk=iphoneos*]" = "iPhone Developer";
				COPY_PHASE_STRIP = NO;
				DEBUG_INFORMATION_FORMAT = "dwarf-with-dsym";
				ENABLE_NS_ASSERTIONS = NO;
				ENABLE_STRICT_OBJC_MSGSEND = YES;
				GCC_C_LANGUAGE_STANDARD = gnu99;
				GCC_NO_COMMON_BLOCKS = YES;
				GCC_WARN_64_TO_32_BIT_CONVERSION = YES;
				GCC_WARN_ABOUT_RETURN_TYPE = YES_ERROR;
				GCC_WARN_UNDECLARED_SELECTOR = YES;
				GCC_WARN_UNINITIALIZED_AUTOS = YES_AGGRESSIVE;
				GCC_WARN_UNUSED_FUNCTION = YES;
				GCC_WARN_UNUSED_VARIABLE = YES;
				IPHONEOS_DEPLOYMENT_TARGET = 9.3;
				MTL_ENABLE_DEBUG_INFO = NO;
				SDKROOT = iphoneos;
				TARGETED_DEVICE_FAMILY = "1,2";
				VALIDATE_PRODUCT = YES;
			};
			name = Release;
		};
		52D859811CBF635D00505080 /* Debug */ = {
			isa = XCBuildConfiguration;
			buildSettings = {
				ASSETCATALOG_COMPILER_APPICON_NAME = AppIcon;
				INFOPLIST_FILE = SegmentandSwitch/Info.plist;
				LD_RUNPATH_SEARCH_PATHS = "$(inherited) @executable_path/Frameworks";
				PRODUCT_BUNDLE_IDENTIFIER = com.Test.SegmentandSwitch;
				PRODUCT_NAME = "$(TARGET_NAME)";
			};
			name = Debug;
		};
		52D859821CBF635D00505080 /* Release */ = {
			isa = XCBuildConfiguration;
			buildSettings = {
				ASSETCATALOG_COMPILER_APPICON_NAME = AppIcon;
				INFOPLIST_FILE = SegmentandSwitch/Info.plist;
				LD_RUNPATH_SEARCH_PATHS = "$(inherited) @executable_path/Frameworks";
				PRODUCT_BUNDLE_IDENTIFIER = com.Test.SegmentandSwitch;
				PRODUCT_NAME = "$(TARGET_NAME)";
			};
			name = Release;
		};
		52D859841CBF635D00505080 /* Debug */ = {
			isa = XCBuildConfiguration;
			buildSettings = {
				BUNDLE_LOADER = "$(TEST_HOST)";
				INFOPLIST_FILE = SegmentandSwitchTests/Info.plist;
				LD_RUNPATH_SEARCH_PATHS = "$(inherited) @executable_path/Frameworks @loader_path/Frameworks";
				PRODUCT_BUNDLE_IDENTIFIER = com.Test.SegmentandSwitchTests;
				PRODUCT_NAME = "$(TARGET_NAME)";
				TEST_HOST = "$(BUILT_PRODUCTS_DIR)/SegmentandSwitch.app/SegmentandSwitch";
			};
			name = Debug;
		};
		52D859851CBF635D00505080 /* Release */ = {
			isa = XCBuildConfiguration;
			buildSettings = {
				BUNDLE_LOADER = "$(TEST_HOST)";
				INFOPLIST_FILE = SegmentandSwitchTests/Info.plist;
				LD_RUNPATH_SEARCH_PATHS = "$(inherited) @executable_path/Frameworks @loader_path/Frameworks";
				PRODUCT_BUNDLE_IDENTIFIER = com.Test.SegmentandSwitchTests;
				PRODUCT_NAME = "$(TARGET_NAME)";
				TEST_HOST = "$(BUILT_PRODUCTS_DIR)/SegmentandSwitch.app/SegmentandSwitch";
			};
			name = Release;
		};
		52D859871CBF635D00505080 /* Debug */ = {
			isa = XCBuildConfiguration;
			buildSettings = {
				INFOPLIST_FILE = SegmentandSwitchUITests/Info.plist;
				LD_RUNPATH_SEARCH_PATHS = "$(inherited) @executable_path/Frameworks @loader_path/Frameworks";
				PRODUCT_BUNDLE_IDENTIFIER = com.Test.SegmentandSwitchUITests;
				PRODUCT_NAME = "$(TARGET_NAME)";
				TEST_TARGET_NAME = SegmentandSwitch;
			};
			name = Debug;
		};
		52D859881CBF635D00505080 /* Release */ = {
			isa = XCBuildConfiguration;
			buildSettings = {
				INFOPLIST_FILE = SegmentandSwitchUITests/Info.plist;
				LD_RUNPATH_SEARCH_PATHS = "$(inherited) @executable_path/Frameworks @loader_path/Frameworks";
				PRODUCT_BUNDLE_IDENTIFIER = com.Test.SegmentandSwitchUITests;
				PRODUCT_NAME = "$(TARGET_NAME)";
				TEST_TARGET_NAME = SegmentandSwitch;
			};
			name = Release;
		};
/* End XCBuildConfiguration section */

/* Begin XCConfigurationList section */
		52D8594E1CBF635C00505080 /* Build configuration list for PBXProject "SegmentandSwitch" */ = {
			isa = XCConfigurationList;
			buildConfigurations = (
				52D8597E1CBF635D00505080 /* Debug */,
				52D8597F1CBF635D00505080 /* Release */,
			);
			defaultConfigurationIsVisible = 0;
			defaultConfigurationName = Release;
		};
		52D859801CBF635D00505080 /* Build configuration list for PBXNativeTarget "SegmentandSwitch" */ = {
			isa = XCConfigurationList;
			buildConfigurations = (
				52D859811CBF635D00505080 /* Debug */,
				52D859821CBF635D00505080 /* Release */,
			);
			defaultConfigurationIsVisible = 0;
		};
		52D859831CBF635D00505080 /* Build configuration list for PBXNativeTarget "SegmentandSwitchTests" */ = {
			isa = XCConfigurationList;
			buildConfigurations = (
				52D859841CBF635D00505080 /* Debug */,
				52D859851CBF635D00505080 /* Release */,
			);
			defaultConfigurationIsVisible = 0;
		};
		52D859861CBF635D00505080 /* Build configuration list for PBXNativeTarget "SegmentandSwitchUITests" */ = {
			isa = XCConfigurationList;
			buildConfigurations = (
				52D859871CBF635D00505080 /* Debug */,
				52D859881CBF635D00505080 /* Release */,
			);
			defaultConfigurationIsVisible = 0;
		};
/* End XCConfigurationList section */
	};
	rootObject = 52D8594B1CBF635C00505080 /* Project object */;
}
